// !$*UTF8*$!
{
	archiveVersion = 1;
	classes = {
	};
	objectVersion = 50;
	objects = {

/* Begin PBXBuildFile section */
		3A54A9BD21AE7145005A04E1 /* Main.storyboard in Resources */ = {isa = PBXBuildFile; fileRef = 3A54A9BB21AE7145005A04E1 /* Main.storyboard */; };
		3A54A9BF21AE7146005A04E1 /* Assets.xcassets in Resources */ = {isa = PBXBuildFile; fileRef = 3A54A9BE21AE7146005A04E1 /* Assets.xcassets */; };
		3A54A9C221AE7146005A04E1 /* LaunchScreen.storyboard in Resources */ = {isa = PBXBuildFile; fileRef = 3A54A9C021AE7146005A04E1 /* LaunchScreen.storyboard */; };
		3A54A9CD21AE7147005A04E1 /* BudgetUniversityTests.swift in Sources */ = {isa = PBXBuildFile; fileRef = 3A54A9CC21AE7147005A04E1 /* BudgetUniversityTests.swift */; };
		3A54A9D821AE7147005A04E1 /* BudgetUniversityUITests.swift in Sources */ = {isa = PBXBuildFile; fileRef = 3A54A9D721AE7147005A04E1 /* BudgetUniversityUITests.swift */; };
		3A54AA4F21AE7900005A04E1 /* FilterCollectionViewCell.swift in Sources */ = {isa = PBXBuildFile; fileRef = 3A54AA4621AE78FF005A04E1 /* FilterCollectionViewCell.swift */; };
		3A54AA5021AE7900005A04E1 /* RestaurantCollectionViewCell.swift in Sources */ = {isa = PBXBuildFile; fileRef = 3A54AA4721AE78FF005A04E1 /* RestaurantCollectionViewCell.swift */; };
		3A54AA5121AE7900005A04E1 /* RestAPI.swift in Sources */ = {isa = PBXBuildFile; fileRef = 3A54AA4921AE78FF005A04E1 /* RestAPI.swift */; };
		3A54AA5321AE7900005A04E1 /* DisplayRestaurantsCollectionViewFlowLayout.swift in Sources */ = {isa = PBXBuildFile; fileRef = 3A54AA4D21AE7900005A04E1 /* DisplayRestaurantsCollectionViewFlowLayout.swift */; };
		3A54AA5421AE7900005A04E1 /* FilterCollectionViewFlowLayout.swift in Sources */ = {isa = PBXBuildFile; fileRef = 3A54AA4E21AE7900005A04E1 /* FilterCollectionViewFlowLayout.swift */; };
		3A54AA5721AE790E005A04E1 /* AppDelegate.swift in Sources */ = {isa = PBXBuildFile; fileRef = 3A54AA5521AE790E005A04E1 /* AppDelegate.swift */; };
		3A54AA5821AE790E005A04E1 /* RestaurantViewController.swift in Sources */ = {isa = PBXBuildFile; fileRef = 3A54AA5621AE790E005A04E1 /* RestaurantViewController.swift */; };
		3A54AA5A21AF7543005A04E1 /* Page.swift in Sources */ = {isa = PBXBuildFile; fileRef = 3A54AA5921AF7543005A04E1 /* Page.swift */; };
		3A54AA5C21AFB98A005A04E1 /* catagorydetail.swift in Sources */ = {isa = PBXBuildFile; fileRef = 3A54AA5B21AFB98A005A04E1 /* catagorydetail.swift */; };
		3A54AA5E21B061F7005A04E1 /* detailviewcell.swift in Sources */ = {isa = PBXBuildFile; fileRef = 3A54AA5D21B061F6005A04E1 /* detailviewcell.swift */; };
		3A54AA6021B0628B005A04E1 /* Spending.swift in Sources */ = {isa = PBXBuildFile; fileRef = 3A54AA5F21B0628B005A04E1 /* Spending.swift */; };
		3A54AA6221B06676005A04E1 /* Songs.swift in Sources */ = {isa = PBXBuildFile; fileRef = 3A54AA6121B06675005A04E1 /* Songs.swift */; };
		3A54AA6421B0667B005A04E1 /* Songtableview.swift in Sources */ = {isa = PBXBuildFile; fileRef = 3A54AA6321B0667A005A04E1 /* Songtableview.swift */; };
		3A54AACB21B077A2005A04E1 /* Restaurant.swift in Sources */ = {isa = PBXBuildFile; fileRef = 3A54AACA21B077A2005A04E1 /* Restaurant.swift */; };
/* End PBXBuildFile section */

/* Begin PBXContainerItemProxy section */
		3A54A9C921AE7147005A04E1 /* PBXContainerItemProxy */ = {
			isa = PBXContainerItemProxy;
			containerPortal = 3A54A9AC21AE7145005A04E1 /* Project object */;
			proxyType = 1;
			remoteGlobalIDString = 3A54A9B321AE7145005A04E1;
			remoteInfo = BudgetUniversity;
		};
		3A54A9D421AE7147005A04E1 /* PBXContainerItemProxy */ = {
			isa = PBXContainerItemProxy;
			containerPortal = 3A54A9AC21AE7145005A04E1 /* Project object */;
			proxyType = 1;
			remoteGlobalIDString = 3A54A9B321AE7145005A04E1;
			remoteInfo = BudgetUniversity;
		};
/* End PBXContainerItemProxy section */

/* Begin PBXFileReference section */
		3A54A9B421AE7145005A04E1 /* BudgetUniversity.app */ = {isa = PBXFileReference; explicitFileType = wrapper.application; includeInIndex = 0; path = BudgetUniversity.app; sourceTree = BUILT_PRODUCTS_DIR; };
		3A54A9BC21AE7145005A04E1 /* Base */ = {isa = PBXFileReference; lastKnownFileType = file.storyboard; name = Base; path = Base.lproj/Main.storyboard; sourceTree = "<group>"; };
		3A54A9BE21AE7146005A04E1 /* Assets.xcassets */ = {isa = PBXFileReference; lastKnownFileType = folder.assetcatalog; path = Assets.xcassets; sourceTree = "<group>"; };
		3A54A9C121AE7146005A04E1 /* Base */ = {isa = PBXFileReference; lastKnownFileType = file.storyboard; name = Base; path = Base.lproj/LaunchScreen.storyboard; sourceTree = "<group>"; };
		3A54A9C321AE7146005A04E1 /* Info.plist */ = {isa = PBXFileReference; lastKnownFileType = text.plist.xml; path = Info.plist; sourceTree = "<group>"; };
		3A54A9C821AE7147005A04E1 /* BudgetUniversityTests.xctest */ = {isa = PBXFileReference; explicitFileType = wrapper.cfbundle; includeInIndex = 0; path = BudgetUniversityTests.xctest; sourceTree = BUILT_PRODUCTS_DIR; };
		3A54A9CC21AE7147005A04E1 /* BudgetUniversityTests.swift */ = {isa = PBXFileReference; lastKnownFileType = sourcecode.swift; path = BudgetUniversityTests.swift; sourceTree = "<group>"; };
		3A54A9CE21AE7147005A04E1 /* Info.plist */ = {isa = PBXFileReference; lastKnownFileType = text.plist.xml; path = Info.plist; sourceTree = "<group>"; };
		3A54A9D321AE7147005A04E1 /* BudgetUniversityUITests.xctest */ = {isa = PBXFileReference; explicitFileType = wrapper.cfbundle; includeInIndex = 0; path = BudgetUniversityUITests.xctest; sourceTree = BUILT_PRODUCTS_DIR; };
		3A54A9D721AE7147005A04E1 /* BudgetUniversityUITests.swift */ = {isa = PBXFileReference; lastKnownFileType = sourcecode.swift; path = BudgetUniversityUITests.swift; sourceTree = "<group>"; };
		3A54A9D921AE7147005A04E1 /* Info.plist */ = {isa = PBXFileReference; lastKnownFileType = text.plist.xml; path = Info.plist; sourceTree = "<group>"; };
		3A54AA4621AE78FF005A04E1 /* FilterCollectionViewCell.swift */ = {isa = PBXFileReference; fileEncoding = 4; lastKnownFileType = sourcecode.swift; path = FilterCollectionViewCell.swift; sourceTree = "<group>"; };
		3A54AA4721AE78FF005A04E1 /* RestaurantCollectionViewCell.swift */ = {isa = PBXFileReference; fileEncoding = 4; lastKnownFileType = sourcecode.swift; path = RestaurantCollectionViewCell.swift; sourceTree = "<group>"; };
		3A54AA4921AE78FF005A04E1 /* RestAPI.swift */ = {isa = PBXFileReference; fileEncoding = 4; lastKnownFileType = sourcecode.swift; path = RestAPI.swift; sourceTree = "<group>"; };
		3A54AA4D21AE7900005A04E1 /* DisplayRestaurantsCollectionViewFlowLayout.swift */ = {isa = PBXFileReference; fileEncoding = 4; lastKnownFileType = sourcecode.swift; path = DisplayRestaurantsCollectionViewFlowLayout.swift; sourceTree = "<group>"; };
		3A54AA4E21AE7900005A04E1 /* FilterCollectionViewFlowLayout.swift */ = {isa = PBXFileReference; fileEncoding = 4; lastKnownFileType = sourcecode.swift; path = FilterCollectionViewFlowLayout.swift; sourceTree = "<group>"; };
		3A54AA5521AE790E005A04E1 /* AppDelegate.swift */ = {isa = PBXFileReference; fileEncoding = 4; lastKnownFileType = sourcecode.swift; path = AppDelegate.swift; sourceTree = "<group>"; };
		3A54AA5621AE790E005A04E1 /* RestaurantViewController.swift */ = {isa = PBXFileReference; fileEncoding = 4; lastKnownFileType = sourcecode.swift; path = RestaurantViewController.swift; sourceTree = "<group>"; };
		3A54AA5921AF7543005A04E1 /* Page.swift */ = {isa = PBXFileReference; lastKnownFileType = sourcecode.swift; path = Page.swift; sourceTree = "<group>"; };
		3A54AA5B21AFB98A005A04E1 /* catagorydetail.swift */ = {isa = PBXFileReference; lastKnownFileType = sourcecode.swift; path = catagorydetail.swift; sourceTree = "<group>"; };
		3A54AA5D21B061F6005A04E1 /* detailviewcell.swift */ = {isa = PBXFileReference; lastKnownFileType = sourcecode.swift; path = detailviewcell.swift; sourceTree = "<group>"; };
		3A54AA5F21B0628B005A04E1 /* Spending.swift */ = {isa = PBXFileReference; lastKnownFileType = sourcecode.swift; path = Spending.swift; sourceTree = "<group>"; };
		3A54AA6121B06675005A04E1 /* Songs.swift */ = {isa = PBXFileReference; fileEncoding = 4; lastKnownFileType = sourcecode.swift; path = Songs.swift; sourceTree = "<group>"; };
		3A54AA6321B0667A005A04E1 /* Songtableview.swift */ = {isa = PBXFileReference; fileEncoding = 4; lastKnownFileType = sourcecode.swift; path = Songtableview.swift; sourceTree = "<group>"; };
		3A54AACA21B077A2005A04E1 /* Restaurant.swift */ = {isa = PBXFileReference; fileEncoding = 4; lastKnownFileType = sourcecode.swift; path = Restaurant.swift; sourceTree = "<group>"; };
/* End PBXFileReference section */

/* Begin PBXFrameworksBuildPhase section */
		3A54A9B121AE7145005A04E1 /* Frameworks */ = {
			isa = PBXFrameworksBuildPhase;
			buildActionMask = 2147483647;
			files = (
			);
			runOnlyForDeploymentPostprocessing = 0;
		};
		3A54A9C521AE7147005A04E1 /* Frameworks */ = {
			isa = PBXFrameworksBuildPhase;
			buildActionMask = 2147483647;
			files = (
			);
			runOnlyForDeploymentPostprocessing = 0;
		};
		3A54A9D021AE7147005A04E1 /* Frameworks */ = {
			isa = PBXFrameworksBuildPhase;
			buildActionMask = 2147483647;
			files = (
			);
			runOnlyForDeploymentPostprocessing = 0;
		};
/* End PBXFrameworksBuildPhase section */

/* Begin PBXGroup section */
		3A54A9AB21AE7145005A04E1 = {
			isa = PBXGroup;
			children = (
				3A54A9B621AE7145005A04E1 /* BudgetUniversity */,
				3A54A9CB21AE7147005A04E1 /* BudgetUniversityTests */,
				3A54A9D621AE7147005A04E1 /* BudgetUniversityUITests */,
				3A54A9B521AE7145005A04E1 /* Products */,
			);
			sourceTree = "<group>";
		};
		3A54A9B521AE7145005A04E1 /* Products */ = {
			isa = PBXGroup;
			children = (
				3A54A9B421AE7145005A04E1 /* BudgetUniversity.app */,
				3A54A9C821AE7147005A04E1 /* BudgetUniversityTests.xctest */,
				3A54A9D321AE7147005A04E1 /* BudgetUniversityUITests.xctest */,
			);
			name = Products;
			sourceTree = "<group>";
		};
		3A54A9B621AE7145005A04E1 /* BudgetUniversity */ = {
			isa = PBXGroup;
			children = (
				3A54AA4821AE78FF005A04E1 /* API */,
				3A54AA4521AE78FF005A04E1 /* Cells */,
				3A54AA4C21AE7900005A04E1 /* Layouts */,
				3A54AA4A21AE78FF005A04E1 /* Models */,
				3A54A9BB21AE7145005A04E1 /* Main.storyboard */,
				3A54A9BE21AE7146005A04E1 /* Assets.xcassets */,
				3A54A9C021AE7146005A04E1 /* LaunchScreen.storyboard */,
				3A54A9C321AE7146005A04E1 /* Info.plist */,
			);
			path = BudgetUniversity;
			sourceTree = "<group>";
		};
		3A54A9CB21AE7147005A04E1 /* BudgetUniversityTests */ = {
			isa = PBXGroup;
			children = (
				3A54A9CC21AE7147005A04E1 /* BudgetUniversityTests.swift */,
				3A54A9CE21AE7147005A04E1 /* Info.plist */,
			);
			path = BudgetUniversityTests;
			sourceTree = "<group>";
		};
		3A54A9D621AE7147005A04E1 /* BudgetUniversityUITests */ = {
			isa = PBXGroup;
			children = (
				3A54A9D721AE7147005A04E1 /* BudgetUniversityUITests.swift */,
				3A54A9D921AE7147005A04E1 /* Info.plist */,
			);
			path = BudgetUniversityUITests;
			sourceTree = "<group>";
		};
		3A54AA4521AE78FF005A04E1 /* Cells */ = {
			isa = PBXGroup;
			children = (
				3A54AA4621AE78FF005A04E1 /* FilterCollectionViewCell.swift */,
				3A54AA4721AE78FF005A04E1 /* RestaurantCollectionViewCell.swift */,
				3A54AA5D21B061F6005A04E1 /* detailviewcell.swift */,
			);
			name = Cells;
			path = ../../../../../Downloads/p6/Project6solutions/Cells;
			sourceTree = "<group>";
		};
		3A54AA4821AE78FF005A04E1 /* API */ = {
			isa = PBXGroup;
			children = (
				3A54AA4921AE78FF005A04E1 /* RestAPI.swift */,
			);
			name = API;
			path = ../../../../../Downloads/p6/Project6solutions/API;
			sourceTree = "<group>";
		};
		3A54AA4A21AE78FF005A04E1 /* Models */ = {
			isa = PBXGroup;
			children = (
				3A54AA6121B06675005A04E1 /* Songs.swift */,
				3A54AA5521AE790E005A04E1 /* AppDelegate.swift */,
				3A54AA5621AE790E005A04E1 /* RestaurantViewController.swift */,
				3A54AACA21B077A2005A04E1 /* Restaurant.swift */,
				3A54AA6321B0667A005A04E1 /* Songtableview.swift */,
				3A54AA5F21B0628B005A04E1 /* Spending.swift */,
				3A54AA5B21AFB98A005A04E1 /* catagorydetail.swift */,
				3A54AA5921AF7543005A04E1 /* Page.swift */,
			);
			name = Models;
			path = ../../../../../Downloads/p6/Project6solutions/Models;
			sourceTree = "<group>";
		};
		3A54AA4C21AE7900005A04E1 /* Layouts */ = {
			isa = PBXGroup;
			children = (
				3A54AA4D21AE7900005A04E1 /* DisplayRestaurantsCollectionViewFlowLayout.swift */,
				3A54AA4E21AE7900005A04E1 /* FilterCollectionViewFlowLayout.swift */,
			);
			name = Layouts;
			path = ../../../../../Downloads/p6/Project6solutions/Layouts;
			sourceTree = "<group>";
		};
/* End PBXGroup section */

/* Begin PBXNativeTarget section */
		3A54A9B321AE7145005A04E1 /* BudgetUniversity */ = {
			isa = PBXNativeTarget;
			buildConfigurationList = 3A54A9DC21AE7147005A04E1 /* Build configuration list for PBXNativeTarget "BudgetUniversity" */;
			buildPhases = (
				3A54A9B021AE7145005A04E1 /* Sources */,
				3A54A9B121AE7145005A04E1 /* Frameworks */,
				3A54A9B221AE7145005A04E1 /* Resources */,
			);
			buildRules = (
			);
			dependencies = (
			);
			name = BudgetUniversity;
			productName = BudgetUniversity;
			productReference = 3A54A9B421AE7145005A04E1 /* BudgetUniversity.app */;
			productType = "com.apple.product-type.application";
		};
		3A54A9C721AE7147005A04E1 /* BudgetUniversityTests */ = {
			isa = PBXNativeTarget;
			buildConfigurationList = 3A54A9DF21AE7147005A04E1 /* Build configuration list for PBXNativeTarget "BudgetUniversityTests" */;
			buildPhases = (
				3A54A9C421AE7147005A04E1 /* Sources */,
				3A54A9C521AE7147005A04E1 /* Frameworks */,
				3A54A9C621AE7147005A04E1 /* Resources */,
			);
			buildRules = (
			);
			dependencies = (
				3A54A9CA21AE7147005A04E1 /* PBXTargetDependency */,
			);
			name = BudgetUniversityTests;
			productName = BudgetUniversityTests;
			productReference = 3A54A9C821AE7147005A04E1 /* BudgetUniversityTests.xctest */;
			productType = "com.apple.product-type.bundle.unit-test";
		};
		3A54A9D221AE7147005A04E1 /* BudgetUniversityUITests */ = {
			isa = PBXNativeTarget;
			buildConfigurationList = 3A54A9E221AE7147005A04E1 /* Build configuration list for PBXNativeTarget "BudgetUniversityUITests" */;
			buildPhases = (
				3A54A9CF21AE7147005A04E1 /* Sources */,
				3A54A9D021AE7147005A04E1 /* Frameworks */,
				3A54A9D121AE7147005A04E1 /* Resources */,
			);
			buildRules = (
			);
			dependencies = (
				3A54A9D521AE7147005A04E1 /* PBXTargetDependency */,
			);
			name = BudgetUniversityUITests;
			productName = BudgetUniversityUITests;
			productReference = 3A54A9D321AE7147005A04E1 /* BudgetUniversityUITests.xctest */;
			productType = "com.apple.product-type.bundle.ui-testing";
		};
/* End PBXNativeTarget section */

/* Begin PBXProject section */
		3A54A9AC21AE7145005A04E1 /* Project object */ = {
			isa = PBXProject;
			attributes = {
				LastSwiftUpdateCheck = 1000;
				LastUpgradeCheck = 1000;
				ORGANIZATIONNAME = "无比机智的树懒大人";
				TargetAttributes = {
					3A54A9B321AE7145005A04E1 = {
						CreatedOnToolsVersion = 10.0;
						LastSwiftMigration = 1000;
					};
					3A54A9C721AE7147005A04E1 = {
						CreatedOnToolsVersion = 10.0;
						TestTargetID = 3A54A9B321AE7145005A04E1;
					};
					3A54A9D221AE7147005A04E1 = {
						CreatedOnToolsVersion = 10.0;
						TestTargetID = 3A54A9B321AE7145005A04E1;
					};
				};
			};
			buildConfigurationList = 3A54A9AF21AE7145005A04E1 /* Build configuration list for PBXProject "BudgetUniversity" */;
			compatibilityVersion = "Xcode 9.3";
			developmentRegion = en;
			hasScannedForEncodings = 0;
			knownRegions = (
				en,
				Base,
			);
			mainGroup = 3A54A9AB21AE7145005A04E1;
			productRefGroup = 3A54A9B521AE7145005A04E1 /* Products */;
			projectDirPath = "";
			projectRoot = "";
			targets = (
				3A54A9B321AE7145005A04E1 /* BudgetUniversity */,
				3A54A9C721AE7147005A04E1 /* BudgetUniversityTests */,
				3A54A9D221AE7147005A04E1 /* BudgetUniversityUITests */,
			);
		};
/* End PBXProject section */

/* Begin PBXResourcesBuildPhase section */
		3A54A9B221AE7145005A04E1 /* Resources */ = {
			isa = PBXResourcesBuildPhase;
			buildActionMask = 2147483647;
			files = (
				3A54A9C221AE7146005A04E1 /* LaunchScreen.storyboard in Resources */,
				3A54A9BF21AE7146005A04E1 /* Assets.xcassets in Resources */,
				3A54A9BD21AE7145005A04E1 /* Main.storyboard in Resources */,
			);
			runOnlyForDeploymentPostprocessing = 0;
		};
		3A54A9C621AE7147005A04E1 /* Resources */ = {
			isa = PBXResourcesBuildPhase;
			buildActionMask = 2147483647;
			files = (
			);
			runOnlyForDeploymentPostprocessing = 0;
		};
		3A54A9D121AE7147005A04E1 /* Resources */ = {
			isa = PBXResourcesBuildPhase;
			buildActionMask = 2147483647;
			files = (
			);
			runOnlyForDeploymentPostprocessing = 0;
		};
/* End PBXResourcesBuildPhase section */

/* Begin PBXSourcesBuildPhase section */
		3A54A9B021AE7145005A04E1 /* Sources */ = {
			isa = PBXSourcesBuildPhase;
			buildActionMask = 2147483647;
			files = (
				3A54AA6221B06676005A04E1 /* Songs.swift in Sources */,
				3A54AA5821AE790E005A04E1 /* RestaurantViewController.swift in Sources */,
				3A54AA5321AE7900005A04E1 /* DisplayRestaurantsCollectionViewFlowLayout.swift in Sources */,
				3A54AA5421AE7900005A04E1 /* FilterCollectionViewFlowLayout.swift in Sources */,
				3A54AA5121AE7900005A04E1 /* RestAPI.swift in Sources */,
				3A54AA6421B0667B005A04E1 /* Songtableview.swift in Sources */,
				3A54AA5A21AF7543005A04E1 /* Page.swift in Sources */,
				3A54AA5721AE790E005A04E1 /* AppDelegate.swift in Sources */,
				3A54AA4F21AE7900005A04E1 /* FilterCollectionViewCell.swift in Sources */,
				3A54AA5E21B061F7005A04E1 /* detailviewcell.swift in Sources */,
				3A54AACB21B077A2005A04E1 /* Restaurant.swift in Sources */,
				3A54AA6021B0628B005A04E1 /* Spending.swift in Sources */,
				3A54AA5C21AFB98A005A04E1 /* catagorydetail.swift in Sources */,
				3A54AA5021AE7900005A04E1 /* RestaurantCollectionViewCell.swift in Sources */,
			);
			runOnlyForDeploymentPostprocessing = 0;
		};
		3A54A9C421AE7147005A04E1 /* Sources */ = {
			isa = PBXSourcesBuildPhase;
			buildActionMask = 2147483647;
			files = (
				3A54A9CD21AE7147005A04E1 /* BudgetUniversityTests.swift in Sources */,
			);
			runOnlyForDeploymentPostprocessing = 0;
		};
		3A54A9CF21AE7147005A04E1 /* Sources */ = {
			isa = PBXSourcesBuildPhase;
			buildActionMask = 2147483647;
			files = (
				3A54A9D821AE7147005A04E1 /* BudgetUniversityUITests.swift in Sources */,
			);
			runOnlyForDeploymentPostprocessing = 0;
		};
/* End PBXSourcesBuildPhase section */

/* Begin PBXTargetDependency section */
		3A54A9CA21AE7147005A04E1 /* PBXTargetDependency */ = {
			isa = PBXTargetDependency;
			target = 3A54A9B321AE7145005A04E1 /* BudgetUniversity */;
			targetProxy = 3A54A9C921AE7147005A04E1 /* PBXContainerItemProxy */;
		};
		3A54A9D521AE7147005A04E1 /* PBXTargetDependency */ = {
			isa = PBXTargetDependency;
			target = 3A54A9B321AE7145005A04E1 /* BudgetUniversity */;
			targetProxy = 3A54A9D421AE7147005A04E1 /* PBXContainerItemProxy */;
		};
/* End PBXTargetDependency section */

/* Begin PBXVariantGroup section */
		3A54A9BB21AE7145005A04E1 /* Main.storyboard */ = {
			isa = PBXVariantGroup;
			children = (
				3A54A9BC21AE7145005A04E1 /* Base */,
			);
			name = Main.storyboard;
			sourceTree = "<group>";
		};
		3A54A9C021AE7146005A04E1 /* LaunchScreen.storyboard */ = {
			isa = PBXVariantGroup;
			children = (
				3A54A9C121AE7146005A04E1 /* Base */,
			);
			name = LaunchScreen.storyboard;
			sourceTree = "<group>";
		};
/* End PBXVariantGroup section */

/* Begin XCBuildConfiguration section */
		3A54A9DA21AE7147005A04E1 /* Debug */ = {
			isa = XCBuildConfiguration;
			buildSettings = {
				ALWAYS_SEARCH_USER_PATHS = NO;
				CLANG_ANALYZER_NONNULL = YES;
				CLANG_ANALYZER_NUMBER_OBJECT_CONVERSION = YES_AGGRESSIVE;
				CLANG_CXX_LANGUAGE_STANDARD = "gnu++14";
				CLANG_CXX_LIBRARY = "libc++";
				CLANG_ENABLE_MODULES = YES;
				CLANG_ENABLE_OBJC_ARC = YES;
				CLANG_ENABLE_OBJC_WEAK = YES;
				CLANG_WARN_BLOCK_CAPTURE_AUTORELEASING = YES;
				CLANG_WARN_BOOL_CONVERSION = YES;
				CLANG_WARN_COMMA = YES;
				CLANG_WARN_CONSTANT_CONVERSION = YES;
				CLANG_WARN_DEPRECATED_OBJC_IMPLEMENTATIONS = YES;
				CLANG_WARN_DIRECT_OBJC_ISA_USAGE = YES_ERROR;
				CLANG_WARN_DOCUMENTATION_COMMENTS = YES;
				CLANG_WARN_EMPTY_BODY = YES;
				CLANG_WARN_ENUM_CONVERSION = YES;
				CLANG_WARN_INFINITE_RECURSION = YES;
				CLANG_WARN_INT_CONVERSION = YES;
				CLANG_WARN_NON_LITERAL_NULL_CONVERSION = YES;
				CLANG_WARN_OBJC_IMPLICIT_RETAIN_SELF = YES;
				CLANG_WARN_OBJC_LITERAL_CONVERSION = YES;
				CLANG_WARN_OBJC_ROOT_CLASS = YES_ERROR;
				CLANG_WARN_RANGE_LOOP_ANALYSIS = YES;
				CLANG_WARN_STRICT_PROTOTYPES = YES;
				CLANG_WARN_SUSPICIOUS_MOVE = YES;
				CLANG_WARN_UNGUARDED_AVAILABILITY = YES_AGGRESSIVE;
				CLANG_WARN_UNREACHABLE_CODE = YES;
				CLANG_WARN__DUPLICATE_METHOD_MATCH = YES;
				CODE_SIGN_IDENTITY = "iPhone Developer";
				COPY_PHASE_STRIP = NO;
				DEBUG_INFORMATION_FORMAT = dwarf;
				ENABLE_STRICT_OBJC_MSGSEND = YES;
				ENABLE_TESTABILITY = YES;
				GCC_C_LANGUAGE_STANDARD = gnu11;
				GCC_DYNAMIC_NO_PIC = NO;
				GCC_NO_COMMON_BLOCKS = YES;
				GCC_OPTIMIZATION_LEVEL = 0;
				GCC_PREPROCESSOR_DEFINITIONS = (
					"DEBUG=1",
					"$(inherited)",
				);
				GCC_WARN_64_TO_32_BIT_CONVERSION = YES;
				GCC_WARN_ABOUT_RETURN_TYPE = YES_ERROR;
				GCC_WARN_UNDECLARED_SELECTOR = YES;
				GCC_WARN_UNINITIALIZED_AUTOS = YES_AGGRESSIVE;
				GCC_WARN_UNUSED_FUNCTION = YES;
				GCC_WARN_UNUSED_VARIABLE = YES;
				IPHONEOS_DEPLOYMENT_TARGET = 12.0;
				MTL_ENABLE_DEBUG_INFO = INCLUDE_SOURCE;
				MTL_FAST_MATH = YES;
				ONLY_ACTIVE_ARCH = YES;
				SDKROOT = iphoneos;
				SWIFT_ACTIVE_COMPILATION_CONDITIONS = DEBUG;
				SWIFT_OPTIMIZATION_LEVEL = "-Onone";
			};
			name = Debug;
		};
		3A54A9DB21AE7147005A04E1 /* Release */ = {
			isa = XCBuildConfiguration;
			buildSettings = {
				ALWAYS_SEARCH_USER_PATHS = NO;
				CLANG_ANALYZER_NONNULL = YES;
				CLANG_ANALYZER_NUMBER_OBJECT_CONVERSION = YES_AGGRESSIVE;
				CLANG_CXX_LANGUAGE_STANDARD = "gnu++14";
				CLANG_CXX_LIBRARY = "libc++";
				CLANG_ENABLE_MODULES = YES;
				CLANG_ENABLE_OBJC_ARC = YES;
				CLANG_ENABLE_OBJC_WEAK = YES;
				CLANG_WARN_BLOCK_CAPTURE_AUTORELEASING = YES;
				CLANG_WARN_BOOL_CONVERSION = YES;
				CLANG_WARN_COMMA = YES;
				CLANG_WARN_CONSTANT_CONVERSION = YES;
				CLANG_WARN_DEPRECATED_OBJC_IMPLEMENTATIONS = YES;
				CLANG_WARN_DIRECT_OBJC_ISA_USAGE = YES_ERROR;
				CLANG_WARN_DOCUMENTATION_COMMENTS = YES;
				CLANG_WARN_EMPTY_BODY = YES;
				CLANG_WARN_ENUM_CONVERSION = YES;
				CLANG_WARN_INFINITE_RECURSION = YES;
				CLANG_WARN_INT_CONVERSION = YES;
				CLANG_WARN_NON_LITERAL_NULL_CONVERSION = YES;
				CLANG_WARN_OBJC_IMPLICIT_RETAIN_SELF = YES;
				CLANG_WARN_OBJC_LITERAL_CONVERSION = YES;
				CLANG_WARN_OBJC_ROOT_CLASS = YES_ERROR;
				CLANG_WARN_RANGE_LOOP_ANALYSIS = YES;
				CLANG_WARN_STRICT_PROTOTYPES = YES;
				CLANG_WARN_SUSPICIOUS_MOVE = YES;
				CLANG_WARN_UNGUARDED_AVAILABILITY = YES_AGGRESSIVE;
				CLANG_WARN_UNREACHABLE_CODE = YES;
				CLANG_WARN__DUPLICATE_METHOD_MATCH = YES;
				CODE_SIGN_IDENTITY = "iPhone Developer";
				COPY_PHASE_STRIP = NO;
				DEBUG_INFORMATION_FORMAT = "dwarf-with-dsym";
				ENABLE_NS_ASSERTIONS = NO;
				ENABLE_STRICT_OBJC_MSGSEND = YES;
				GCC_C_LANGUAGE_STANDARD = gnu11;
				GCC_NO_COMMON_BLOCKS = YES;
				GCC_WARN_64_TO_32_BIT_CONVERSION = YES;
				GCC_WARN_ABOUT_RETURN_TYPE = YES_ERROR;
				GCC_WARN_UNDECLARED_SELECTOR = YES;
				GCC_WARN_UNINITIALIZED_AUTOS = YES_AGGRESSIVE;
				GCC_WARN_UNUSED_FUNCTION = YES;
				GCC_WARN_UNUSED_VARIABLE = YES;
				IPHONEOS_DEPLOYMENT_TARGET = 12.0;
				MTL_ENABLE_DEBUG_INFO = NO;
				MTL_FAST_MATH = YES;
				SDKROOT = iphoneos;
				SWIFT_COMPILATION_MODE = wholemodule;
				SWIFT_OPTIMIZATION_LEVEL = "-O";
				VALIDATE_PRODUCT = YES;
			};
			name = Release;
		};
		3A54A9DD21AE7147005A04E1 /* Debug */ = {
			isa = XCBuildConfiguration;
			buildSettings = {
				ASSETCATALOG_COMPILER_APPICON_NAME = AppIcon;
				CLANG_ENABLE_MODULES = YES;
				CODE_SIGN_STYLE = Automatic;
				INFOPLIST_FILE = BudgetUniversity/Info.plist;
				LD_RUNPATH_SEARCH_PATHS = (
					"$(inherited)",
					"@executable_path/Frameworks",
				);
				PRODUCT_BUNDLE_IDENTIFIER = vivi.BudgetUniversity;
				PRODUCT_NAME = "$(TARGET_NAME)";
				SWIFT_OBJC_BRIDGING_HEADER = "BudgetUniversity/BudgetUniversity-Bridging-Header.h";
				SWIFT_OPTIMIZATION_LEVEL = "-Onone";
				SWIFT_VERSION = 4.2;
				TARGETED_DEVICE_FAMILY = "1,2";
			};
			name = Debug;
		};
		3A54A9DE21AE7147005A04E1 /* Release */ = {
			isa = XCBuildConfiguration;
			buildSettings = {
				ASSETCATALOG_COMPILER_APPICON_NAME = AppIcon;
				CLANG_ENABLE_MODULES = YES;
				CODE_SIGN_STYLE = Automatic;
				INFOPLIST_FILE = BudgetUniversity/Info.plist;
				LD_RUNPATH_SEARCH_PATHS = (
					"$(inherited)",
					"@executable_path/Frameworks",
				);
				PRODUCT_BUNDLE_IDENTIFIER = vivi.BudgetUniversity;
				PRODUCT_NAME = "$(TARGET_NAME)";
				SWIFT_OBJC_BRIDGING_HEADER = "BudgetUniversity/BudgetUniversity-Bridging-Header.h";
				SWIFT_VERSION = 4.2;
				TARGETED_DEVICE_FAMILY = "1,2";
			};
			name = Release;
		};
		3A54A9E021AE7147005A04E1 /* Debug */ = {
			isa = XCBuildConfiguration;
			buildSettings = {
				ALWAYS_EMBED_SWIFT_STANDARD_LIBRARIES = YES;
				BUNDLE_LOADER = "$(TEST_HOST)";
				CODE_SIGN_STYLE = Automatic;
				INFOPLIST_FILE = BudgetUniversityTests/Info.plist;
				LD_RUNPATH_SEARCH_PATHS = (
					"$(inherited)",
					"@executable_path/Frameworks",
					"@loader_path/Frameworks",
				);
				PRODUCT_BUNDLE_IDENTIFIER = vivi.BudgetUniversityTests;
				PRODUCT_NAME = "$(TARGET_NAME)";
				SWIFT_VERSION = 4.2;
				TARGETED_DEVICE_FAMILY = "1,2";
				TEST_HOST = "$(BUILT_PRODUCTS_DIR)/BudgetUniversity.app/BudgetUniversity";
			};
			name = Debug;
		};
		3A54A9E121AE7147005A04E1 /* Release */ = {
			isa = XCBuildConfiguration;
			buildSettings = {
				ALWAYS_EMBED_SWIFT_STANDARD_LIBRARIES = YES;
				BUNDLE_LOADER = "$(TEST_HOST)";
				CODE_SIGN_STYLE = Automatic;
				INFOPLIST_FILE = BudgetUniversityTests/Info.plist;
				LD_RUNPATH_SEARCH_PATHS = (
					"$(inherited)",
					"@executable_path/Frameworks",
					"@loader_path/Frameworks",
				);
				PRODUCT_BUNDLE_IDENTIFIER = vivi.BudgetUniversityTests;
				PRODUCT_NAME = "$(TARGET_NAME)";
				SWIFT_VERSION = 4.2;
				TARGETED_DEVICE_FAMILY = "1,2";
				TEST_HOST = "$(BUILT_PRODUCTS_DIR)/BudgetUniversity.app/BudgetUniversity";
			};
			name = Release;
		};
		3A54A9E321AE7147005A04E1 /* Debug */ = {
			isa = XCBuildConfiguration;
			buildSettings = {
				ALWAYS_EMBED_SWIFT_STANDARD_LIBRARIES = YES;
				CODE_SIGN_STYLE = Automatic;
				INFOPLIST_FILE = BudgetUniversityUITests/Info.plist;
				LD_RUNPATH_SEARCH_PATHS = (
					"$(inherited)",
					"@executable_path/Frameworks",
					"@loader_path/Frameworks",
				);
				PRODUCT_BUNDLE_IDENTIFIER = vivi.BudgetUniversityUITests;
				PRODUCT_NAME = "$(TARGET_NAME)";
				SWIFT_VERSION = 4.2;
				TARGETED_DEVICE_FAMILY = "1,2";
				TEST_TARGET_NAME = BudgetUniversity;
			};
			name = Debug;
		};
		3A54A9E421AE7147005A04E1 /* Release */ = {
			isa = XCBuildConfiguration;
			buildSettings = {
				ALWAYS_EMBED_SWIFT_STANDARD_LIBRARIES = YES;
				CODE_SIGN_STYLE = Automatic;
				INFOPLIST_FILE = BudgetUniversityUITests/Info.plist;
				LD_RUNPATH_SEARCH_PATHS = (
					"$(inherited)",
					"@executable_path/Frameworks",
					"@loader_path/Frameworks",
				);
				PRODUCT_BUNDLE_IDENTIFIER = vivi.BudgetUniversityUITests;
				PRODUCT_NAME = "$(TARGET_NAME)";
				SWIFT_VERSION = 4.2;
				TARGETED_DEVICE_FAMILY = "1,2";
				TEST_TARGET_NAME = BudgetUniversity;
			};
			name = Release;
		};
/* End XCBuildConfiguration section */

/* Begin XCConfigurationList section */
		3A54A9AF21AE7145005A04E1 /* Build configuration list for PBXProject "BudgetUniversity" */ = {
			isa = XCConfigurationList;
			buildConfigurations = (
				3A54A9DA21AE7147005A04E1 /* Debug */,
				3A54A9DB21AE7147005A04E1 /* Release */,
			);
			defaultConfigurationIsVisible = 0;
			defaultConfigurationName = Release;
		};
		3A54A9DC21AE7147005A04E1 /* Build configuration list for PBXNativeTarget "BudgetUniversity" */ = {
			isa = XCConfigurationList;
			buildConfigurations = (
				3A54A9DD21AE7147005A04E1 /* Debug */,
				3A54A9DE21AE7147005A04E1 /* Release */,
			);
			defaultConfigurationIsVisible = 0;
			defaultConfigurationName = Release;
		};
		3A54A9DF21AE7147005A04E1 /* Build configuration list for PBXNativeTarget "BudgetUniversityTests" */ = {
			isa = XCConfigurationList;
			buildConfigurations = (
				3A54A9E021AE7147005A04E1 /* Debug */,
				3A54A9E121AE7147005A04E1 /* Release */,
			);
			defaultConfigurationIsVisible = 0;
			defaultConfigurationName = Release;
		};
		3A54A9E221AE7147005A04E1 /* Build configuration list for PBXNativeTarget "BudgetUniversityUITests" */ = {
			isa = XCConfigurationList;
			buildConfigurations = (
				3A54A9E321AE7147005A04E1 /* Debug */,
				3A54A9E421AE7147005A04E1 /* Release */,
			);
			defaultConfigurationIsVisible = 0;
			defaultConfigurationName = Release;
		};
/* End XCConfigurationList section */
	};
	rootObject = 3A54A9AC21AE7145005A04E1 /* Project object */;
}
