// !$*UTF8*$!
{
	archiveVersion = 1;
	classes = {
	};
	objectVersion = 50;
	objects = {

/* Begin PBXBuildFile section */
		060F6F3B8A96A8A45095D0B9 /* Pods_BudgetUITests.framework in Frameworks */ = {isa = PBXBuildFile; fileRef = 3E3A198A6D6EDE6C0B86E7A6 /* Pods_BudgetUITests.framework */; };
		3A54AA7221B06CB0005A04E1 /* AppDelegate.swift in Sources */ = {isa = PBXBuildFile; fileRef = 3A54AA7121B06CB0005A04E1 /* AppDelegate.swift */; };
		3A54AA7421B06CB0005A04E1 /* FirstViewController.swift in Sources */ = {isa = PBXBuildFile; fileRef = 3A54AA7321B06CB0005A04E1 /* FirstViewController.swift */; };
		3A54AA7621B06CB0005A04E1 /* SecondViewController.swift in Sources */ = {isa = PBXBuildFile; fileRef = 3A54AA7521B06CB0005A04E1 /* SecondViewController.swift */; };
		3A54AA7921B06CB0005A04E1 /* Main.storyboard in Resources */ = {isa = PBXBuildFile; fileRef = 3A54AA7721B06CB0005A04E1 /* Main.storyboard */; };
		3A54AA7B21B06CB3005A04E1 /* Assets.xcassets in Resources */ = {isa = PBXBuildFile; fileRef = 3A54AA7A21B06CB3005A04E1 /* Assets.xcassets */; };
		3A54AA7E21B06CB3005A04E1 /* LaunchScreen.storyboard in Resources */ = {isa = PBXBuildFile; fileRef = 3A54AA7C21B06CB3005A04E1 /* LaunchScreen.storyboard */; };
		3A54AA8921B06CB3005A04E1 /* BudgetTests.swift in Sources */ = {isa = PBXBuildFile; fileRef = 3A54AA8821B06CB3005A04E1 /* BudgetTests.swift */; };
		3A54AA9421B06CB3005A04E1 /* BudgetUITests.swift in Sources */ = {isa = PBXBuildFile; fileRef = 3A54AA9321B06CB3005A04E1 /* BudgetUITests.swift */; };
		3A54AAA321B072E4005A04E1 /* BudgetAPI.swift in Sources */ = {isa = PBXBuildFile; fileRef = 3A54AAA221B072E4005A04E1 /* BudgetAPI.swift */; };
		3A54AAAE21B07307005A04E1 /* CatagoryCollectionViewFlowLayout.swift in Sources */ = {isa = PBXBuildFile; fileRef = 3A54AAAC21B07307005A04E1 /* CatagoryCollectionViewFlowLayout.swift */; };
		3A54AAB521B0732D005A04E1 /* Page.swift in Sources */ = {isa = PBXBuildFile; fileRef = 3A54AAB421B0732C005A04E1 /* Page.swift */; };
		3A54AACD21B077D6005A04E1 /* Catagories.swift in Sources */ = {isa = PBXBuildFile; fileRef = 3A54AACC21B077D5005A04E1 /* Catagories.swift */; };
		3A54AACF21B077F3005A04E1 /* Spending.swift in Sources */ = {isa = PBXBuildFile; fileRef = 3A54AACE21B077F2005A04E1 /* Spending.swift */; };
		3A54AAD121B0781F005A04E1 /* CatagoryCollectionViewCell.swift in Sources */ = {isa = PBXBuildFile; fileRef = 3A54AAB321B0730C005A04E1 /* CatagoryCollectionViewCell.swift */; };
		3A54AAD221B07821005A04E1 /* detailviewcell.swift in Sources */ = {isa = PBXBuildFile; fileRef = 3A54AAB121B0730C005A04E1 /* detailviewcell.swift */; };
		3A54AAD421B0784B005A04E1 /* catagorydetail.swift in Sources */ = {isa = PBXBuildFile; fileRef = 3A54AAD321B0784B005A04E1 /* catagorydetail.swift */; };
		3A54AAD821B07873005A04E1 /* Spendingtableview.swift in Sources */ = {isa = PBXBuildFile; fileRef = 3A54AAD721B07873005A04E1 /* Spendingtableview.swift */; };
		3A54AADC21B45027005A04E1 /* thirdView.swift in Sources */ = {isa = PBXBuildFile; fileRef = 3A54AADB21B45027005A04E1 /* thirdView.swift */; };
		3A54AADE21B45329005A04E1 /* NetworkManager.swift in Sources */ = {isa = PBXBuildFile; fileRef = 3A54AADD21B45328005A04E1 /* NetworkManager.swift */; };
		90C6236C860942FF9DFB5076 /* Pods_BudgetTests.framework in Frameworks */ = {isa = PBXBuildFile; fileRef = DFD8E6011740DF99E2EB3D35 /* Pods_BudgetTests.framework */; };
		CAB716EDCD5AF092F085D45F /* Pods_Budget.framework in Frameworks */ = {isa = PBXBuildFile; fileRef = ECE1BBB2CE8AEF988B8A361C /* Pods_Budget.framework */; };
/* End PBXBuildFile section */

/* Begin PBXContainerItemProxy section */
		3A54AA8521B06CB3005A04E1 /* PBXContainerItemProxy */ = {
			isa = PBXContainerItemProxy;
			containerPortal = 3A54AA6621B06CB0005A04E1 /* Project object */;
			proxyType = 1;
			remoteGlobalIDString = 3A54AA6D21B06CB0005A04E1;
			remoteInfo = Budget;
		};
		3A54AA9021B06CB3005A04E1 /* PBXContainerItemProxy */ = {
			isa = PBXContainerItemProxy;
			containerPortal = 3A54AA6621B06CB0005A04E1 /* Project object */;
			proxyType = 1;
			remoteGlobalIDString = 3A54AA6D21B06CB0005A04E1;
			remoteInfo = Budget;
		};
/* End PBXContainerItemProxy section */

/* Begin PBXFileReference section */
		1F178BCCBFF886C4655A3488 /* Pods-BudgetTests.debug.xcconfig */ = {isa = PBXFileReference; includeInIndex = 1; lastKnownFileType = text.xcconfig; name = "Pods-BudgetTests.debug.xcconfig"; path = "Pods/Target Support Files/Pods-BudgetTests/Pods-BudgetTests.debug.xcconfig"; sourceTree = "<group>"; };
		30015C9A5C6BC749726037B3 /* Pods-BudgetUITests.release.xcconfig */ = {isa = PBXFileReference; includeInIndex = 1; lastKnownFileType = text.xcconfig; name = "Pods-BudgetUITests.release.xcconfig"; path = "Pods/Target Support Files/Pods-BudgetUITests/Pods-BudgetUITests.release.xcconfig"; sourceTree = "<group>"; };
		3A54AA6E21B06CB0005A04E1 /* Budget.app */ = {isa = PBXFileReference; explicitFileType = wrapper.application; includeInIndex = 0; path = Budget.app; sourceTree = BUILT_PRODUCTS_DIR; };
		3A54AA7121B06CB0005A04E1 /* AppDelegate.swift */ = {isa = PBXFileReference; lastKnownFileType = sourcecode.swift; path = AppDelegate.swift; sourceTree = "<group>"; };
		3A54AA7321B06CB0005A04E1 /* FirstViewController.swift */ = {isa = PBXFileReference; lastKnownFileType = sourcecode.swift; path = FirstViewController.swift; sourceTree = "<group>"; };
		3A54AA7521B06CB0005A04E1 /* SecondViewController.swift */ = {isa = PBXFileReference; lastKnownFileType = sourcecode.swift; path = SecondViewController.swift; sourceTree = "<group>"; };
		3A54AA7821B06CB0005A04E1 /* Base */ = {isa = PBXFileReference; lastKnownFileType = file.storyboard; name = Base; path = Base.lproj/Main.storyboard; sourceTree = "<group>"; };
		3A54AA7A21B06CB3005A04E1 /* Assets.xcassets */ = {isa = PBXFileReference; lastKnownFileType = folder.assetcatalog; path = Assets.xcassets; sourceTree = "<group>"; };
		3A54AA7D21B06CB3005A04E1 /* Base */ = {isa = PBXFileReference; lastKnownFileType = file.storyboard; name = Base; path = Base.lproj/LaunchScreen.storyboard; sourceTree = "<group>"; };
		3A54AA7F21B06CB3005A04E1 /* Info.plist */ = {isa = PBXFileReference; lastKnownFileType = text.plist.xml; path = Info.plist; sourceTree = "<group>"; };
		3A54AA8421B06CB3005A04E1 /* BudgetTests.xctest */ = {isa = PBXFileReference; explicitFileType = wrapper.cfbundle; includeInIndex = 0; path = BudgetTests.xctest; sourceTree = BUILT_PRODUCTS_DIR; };
		3A54AA8821B06CB3005A04E1 /* BudgetTests.swift */ = {isa = PBXFileReference; lastKnownFileType = sourcecode.swift; path = BudgetTests.swift; sourceTree = "<group>"; };
		3A54AA8A21B06CB3005A04E1 /* Info.plist */ = {isa = PBXFileReference; lastKnownFileType = text.plist.xml; path = Info.plist; sourceTree = "<group>"; };
		3A54AA8F21B06CB3005A04E1 /* BudgetUITests.xctest */ = {isa = PBXFileReference; explicitFileType = wrapper.cfbundle; includeInIndex = 0; path = BudgetUITests.xctest; sourceTree = BUILT_PRODUCTS_DIR; };
		3A54AA9321B06CB3005A04E1 /* BudgetUITests.swift */ = {isa = PBXFileReference; lastKnownFileType = sourcecode.swift; path = BudgetUITests.swift; sourceTree = "<group>"; };
		3A54AA9521B06CB3005A04E1 /* Info.plist */ = {isa = PBXFileReference; lastKnownFileType = text.plist.xml; path = Info.plist; sourceTree = "<group>"; };
		3A54AAA221B072E4005A04E1 /* BudgetAPI.swift */ = {isa = PBXFileReference; fileEncoding = 4; lastKnownFileType = sourcecode.swift; path = BudgetAPI.swift; sourceTree = "<group>"; };
		3A54AAAC21B07307005A04E1 /* CatagoryCollectionViewFlowLayout.swift */ = {isa = PBXFileReference; fileEncoding = 4; lastKnownFileType = sourcecode.swift; path = CatagoryCollectionViewFlowLayout.swift; sourceTree = "<group>"; };
		3A54AAB121B0730C005A04E1 /* detailviewcell.swift */ = {isa = PBXFileReference; lastKnownFileType = sourcecode.swift; path = detailviewcell.swift; sourceTree = "<group>"; };
		3A54AAB321B0730C005A04E1 /* CatagoryCollectionViewCell.swift */ = {isa = PBXFileReference; lastKnownFileType = sourcecode.swift; path = CatagoryCollectionViewCell.swift; sourceTree = "<group>"; };
		3A54AAB421B0732C005A04E1 /* Page.swift */ = {isa = PBXFileReference; fileEncoding = 4; lastKnownFileType = sourcecode.swift; path = Page.swift; sourceTree = "<group>"; };
		3A54AACC21B077D5005A04E1 /* Catagories.swift */ = {isa = PBXFileReference; fileEncoding = 4; lastKnownFileType = sourcecode.swift; name = Catagories.swift; path = ../../../../../Downloads/p6/Project6solutions/Models/Catagories.swift; sourceTree = "<group>"; };
		3A54AACE21B077F2005A04E1 /* Spending.swift */ = {isa = PBXFileReference; fileEncoding = 4; lastKnownFileType = sourcecode.swift; name = Spending.swift; path = ../../../../../Downloads/p6/Project6solutions/Models/Spending.swift; sourceTree = "<group>"; };
		3A54AAD321B0784B005A04E1 /* catagorydetail.swift */ = {isa = PBXFileReference; fileEncoding = 4; lastKnownFileType = sourcecode.swift; name = catagorydetail.swift; path = ../../../../../Downloads/p6/Project6solutions/Models/catagorydetail.swift; sourceTree = "<group>"; };
		3A54AAD721B07873005A04E1 /* Spendingtableview.swift */ = {isa = PBXFileReference; fileEncoding = 4; lastKnownFileType = sourcecode.swift; name = Spendingtableview.swift; path = ../../../../../Downloads/p6/Project6solutions/Models/Spendingtableview.swift; sourceTree = "<group>"; };
		3A54AADB21B45027005A04E1 /* thirdView.swift */ = {isa = PBXFileReference; lastKnownFileType = sourcecode.swift; path = thirdView.swift; sourceTree = "<group>"; };
		3A54AADD21B45328005A04E1 /* NetworkManager.swift */ = {isa = PBXFileReference; fileEncoding = 4; lastKnownFileType = sourcecode.swift; path = NetworkManager.swift; sourceTree = "<group>"; };
		3E3A198A6D6EDE6C0B86E7A6 /* Pods_BudgetUITests.framework */ = {isa = PBXFileReference; explicitFileType = wrapper.framework; includeInIndex = 0; path = Pods_BudgetUITests.framework; sourceTree = BUILT_PRODUCTS_DIR; };
		73B6C3F53D8F0F82249D654B /* Pods-BudgetTests.release.xcconfig */ = {isa = PBXFileReference; includeInIndex = 1; lastKnownFileType = text.xcconfig; name = "Pods-BudgetTests.release.xcconfig"; path = "Pods/Target Support Files/Pods-BudgetTests/Pods-BudgetTests.release.xcconfig"; sourceTree = "<group>"; };
		A94C4559BD525790D66A9217 /* Pods-BudgetUITests.debug.xcconfig */ = {isa = PBXFileReference; includeInIndex = 1; lastKnownFileType = text.xcconfig; name = "Pods-BudgetUITests.debug.xcconfig"; path = "Pods/Target Support Files/Pods-BudgetUITests/Pods-BudgetUITests.debug.xcconfig"; sourceTree = "<group>"; };
		D8AD3DEF5AB235A3DDEEA661 /* Pods-Budget.release.xcconfig */ = {isa = PBXFileReference; includeInIndex = 1; lastKnownFileType = text.xcconfig; name = "Pods-Budget.release.xcconfig"; path = "Pods/Target Support Files/Pods-Budget/Pods-Budget.release.xcconfig"; sourceTree = "<group>"; };
		DFD8E6011740DF99E2EB3D35 /* Pods_BudgetTests.framework */ = {isa = PBXFileReference; explicitFileType = wrapper.framework; includeInIndex = 0; path = Pods_BudgetTests.framework; sourceTree = BUILT_PRODUCTS_DIR; };
		ECE1BBB2CE8AEF988B8A361C /* Pods_Budget.framework */ = {isa = PBXFileReference; explicitFileType = wrapper.framework; includeInIndex = 0; path = Pods_Budget.framework; sourceTree = BUILT_PRODUCTS_DIR; };
		FD1E1152C06A91EFF2F65B54 /* Pods-Budget.debug.xcconfig */ = {isa = PBXFileReference; includeInIndex = 1; lastKnownFileType = text.xcconfig; name = "Pods-Budget.debug.xcconfig"; path = "Pods/Target Support Files/Pods-Budget/Pods-Budget.debug.xcconfig"; sourceTree = "<group>"; };
/* End PBXFileReference section */

/* Begin PBXFrameworksBuildPhase section */
		3A54AA6B21B06CB0005A04E1 /* Frameworks */ = {
			isa = PBXFrameworksBuildPhase;
			buildActionMask = 2147483647;
			files = (
				CAB716EDCD5AF092F085D45F /* Pods_Budget.framework in Frameworks */,
			);
			runOnlyForDeploymentPostprocessing = 0;
		};
		3A54AA8121B06CB3005A04E1 /* Frameworks */ = {
			isa = PBXFrameworksBuildPhase;
			buildActionMask = 2147483647;
			files = (
				90C6236C860942FF9DFB5076 /* Pods_BudgetTests.framework in Frameworks */,
			);
			runOnlyForDeploymentPostprocessing = 0;
		};
		3A54AA8C21B06CB3005A04E1 /* Frameworks */ = {
			isa = PBXFrameworksBuildPhase;
			buildActionMask = 2147483647;
			files = (
				060F6F3B8A96A8A45095D0B9 /* Pods_BudgetUITests.framework in Frameworks */,
			);
			runOnlyForDeploymentPostprocessing = 0;
		};
/* End PBXFrameworksBuildPhase section */

/* Begin PBXGroup section */
		20EB1C086666B68F8AE31674 /* Frameworks */ = {
			isa = PBXGroup;
			children = (
				ECE1BBB2CE8AEF988B8A361C /* Pods_Budget.framework */,
				DFD8E6011740DF99E2EB3D35 /* Pods_BudgetTests.framework */,
				3E3A198A6D6EDE6C0B86E7A6 /* Pods_BudgetUITests.framework */,
			);
			name = Frameworks;
			sourceTree = "<group>";
		};
		3A54AA6521B06CB0005A04E1 = {
			isa = PBXGroup;
			children = (
				3A54AA7021B06CB0005A04E1 /* Budget */,
				3A54AA8721B06CB3005A04E1 /* BudgetTests */,
				3A54AA9221B06CB3005A04E1 /* BudgetUITests */,
				3A54AA6F21B06CB0005A04E1 /* Products */,
				D8A876A2368CBC793706F7D1 /* Pods */,
				20EB1C086666B68F8AE31674 /* Frameworks */,
			);
			sourceTree = "<group>";
		};
		3A54AA6F21B06CB0005A04E1 /* Products */ = {
			isa = PBXGroup;
			children = (
				3A54AA6E21B06CB0005A04E1 /* Budget.app */,
				3A54AA8421B06CB3005A04E1 /* BudgetTests.xctest */,
				3A54AA8F21B06CB3005A04E1 /* BudgetUITests.xctest */,
			);
			name = Products;
			sourceTree = "<group>";
		};
		3A54AA7021B06CB0005A04E1 /* Budget */ = {
			isa = PBXGroup;
			children = (
				3A54AAB021B0730C005A04E1 /* Cells */,
				3A54AAAB21B07307005A04E1 /* Layouts */,
				3A54AAA121B072E4005A04E1 /* API */,
				3A54AA7121B06CB0005A04E1 /* AppDelegate.swift */,
				3A54AA7321B06CB0005A04E1 /* FirstViewController.swift */,
				3A54AAB121B0730C005A04E1 /* detailviewcell.swift */,
				3A54AADD21B45328005A04E1 /* NetworkManager.swift */,
				3A54AAB321B0730C005A04E1 /* CatagoryCollectionViewCell.swift */,
				3A54AAB421B0732C005A04E1 /* Page.swift */,
				3A54AACC21B077D5005A04E1 /* Catagories.swift */,
				3A54AAD721B07873005A04E1 /* Spendingtableview.swift */,
				3A54AADB21B45027005A04E1 /* thirdView.swift */,
				3A54AAD321B0784B005A04E1 /* catagorydetail.swift */,
				3A54AA7521B06CB0005A04E1 /* SecondViewController.swift */,
				3A54AA7721B06CB0005A04E1 /* Main.storyboard */,
				3A54AACE21B077F2005A04E1 /* Spending.swift */,
				3A54AA7A21B06CB3005A04E1 /* Assets.xcassets */,
				3A54AA7C21B06CB3005A04E1 /* LaunchScreen.storyboard */,
				3A54AA7F21B06CB3005A04E1 /* Info.plist */,
			);
			path = Budget;
			sourceTree = "<group>";
		};
		3A54AA8721B06CB3005A04E1 /* BudgetTests */ = {
			isa = PBXGroup;
			children = (
				3A54AA8821B06CB3005A04E1 /* BudgetTests.swift */,
				3A54AA8A21B06CB3005A04E1 /* Info.plist */,
			);
			path = BudgetTests;
			sourceTree = "<group>";
		};
		3A54AA9221B06CB3005A04E1 /* BudgetUITests */ = {
			isa = PBXGroup;
			children = (
				3A54AA9321B06CB3005A04E1 /* BudgetUITests.swift */,
				3A54AA9521B06CB3005A04E1 /* Info.plist */,
			);
			path = BudgetUITests;
			sourceTree = "<group>";
		};
		3A54AAA121B072E4005A04E1 /* API */ = {
			isa = PBXGroup;
			children = (
				3A54AAA221B072E4005A04E1 /* BudgetAPI.swift */,
			);
			path = API;
			sourceTree = "<group>";
		};
		3A54AAAB21B07307005A04E1 /* Layouts */ = {
			isa = PBXGroup;
			children = (
				3A54AAAC21B07307005A04E1 /* CatagoryCollectionViewFlowLayout.swift */,
			);
			path = Layouts;
			sourceTree = "<group>";
		};
		3A54AAB021B0730C005A04E1 /* Cells */ = {
			isa = PBXGroup;
			children = (
			);
			path = Cells;
			sourceTree = "<group>";
		};
		D8A876A2368CBC793706F7D1 /* Pods */ = {
			isa = PBXGroup;
			children = (
				FD1E1152C06A91EFF2F65B54 /* Pods-Budget.debug.xcconfig */,
				D8AD3DEF5AB235A3DDEEA661 /* Pods-Budget.release.xcconfig */,
				1F178BCCBFF886C4655A3488 /* Pods-BudgetTests.debug.xcconfig */,
				73B6C3F53D8F0F82249D654B /* Pods-BudgetTests.release.xcconfig */,
				A94C4559BD525790D66A9217 /* Pods-BudgetUITests.debug.xcconfig */,
				30015C9A5C6BC749726037B3 /* Pods-BudgetUITests.release.xcconfig */,
			);
			name = Pods;
			sourceTree = "<group>";
		};
/* End PBXGroup section */

/* Begin PBXNativeTarget section */
		3A54AA6D21B06CB0005A04E1 /* Budget */ = {
			isa = PBXNativeTarget;
			buildConfigurationList = 3A54AA9821B06CB3005A04E1 /* Build configuration list for PBXNativeTarget "Budget" */;
			buildPhases = (
				B42E3912FFCCF357AC841357 /* [CP] Check Pods Manifest.lock */,
				3A54AA6A21B06CB0005A04E1 /* Sources */,
				3A54AA6B21B06CB0005A04E1 /* Frameworks */,
				3A54AA6C21B06CB0005A04E1 /* Resources */,
				08A855B057A1EE5F5506CB4F /* [CP] Embed Pods Frameworks */,
			);
			buildRules = (
			);
			dependencies = (
			);
			name = Budget;
			productName = Budget;
			productReference = 3A54AA6E21B06CB0005A04E1 /* Budget.app */;
			productType = "com.apple.product-type.application";
		};
		3A54AA8321B06CB3005A04E1 /* BudgetTests */ = {
			isa = PBXNativeTarget;
			buildConfigurationList = 3A54AA9B21B06CB3005A04E1 /* Build configuration list for PBXNativeTarget "BudgetTests" */;
			buildPhases = (
				AB04411C734E72B6A17CBE61 /* [CP] Check Pods Manifest.lock */,
				3A54AA8021B06CB3005A04E1 /* Sources */,
				3A54AA8121B06CB3005A04E1 /* Frameworks */,
				3A54AA8221B06CB3005A04E1 /* Resources */,
			);
			buildRules = (
			);
			dependencies = (
				3A54AA8621B06CB3005A04E1 /* PBXTargetDependency */,
			);
			name = BudgetTests;
			productName = BudgetTests;
			productReference = 3A54AA8421B06CB3005A04E1 /* BudgetTests.xctest */;
			productType = "com.apple.product-type.bundle.unit-test";
		};
		3A54AA8E21B06CB3005A04E1 /* BudgetUITests */ = {
			isa = PBXNativeTarget;
			buildConfigurationList = 3A54AA9E21B06CB3005A04E1 /* Build configuration list for PBXNativeTarget "BudgetUITests" */;
			buildPhases = (
				A306A18C64A60EE9D151814B /* [CP] Check Pods Manifest.lock */,
				3A54AA8B21B06CB3005A04E1 /* Sources */,
				3A54AA8C21B06CB3005A04E1 /* Frameworks */,
				3A54AA8D21B06CB3005A04E1 /* Resources */,
			);
			buildRules = (
			);
			dependencies = (
				3A54AA9121B06CB3005A04E1 /* PBXTargetDependency */,
			);
			name = BudgetUITests;
			productName = BudgetUITests;
			productReference = 3A54AA8F21B06CB3005A04E1 /* BudgetUITests.xctest */;
			productType = "com.apple.product-type.bundle.ui-testing";
		};
/* End PBXNativeTarget section */

/* Begin PBXProject section */
		3A54AA6621B06CB0005A04E1 /* Project object */ = {
			isa = PBXProject;
			attributes = {
				LastSwiftUpdateCheck = 1000;
				LastUpgradeCheck = 1000;
				ORGANIZATIONNAME = "无比机智的树懒大人";
				TargetAttributes = {
					3A54AA6D21B06CB0005A04E1 = {
						CreatedOnToolsVersion = 10.0;
					};
					3A54AA8321B06CB3005A04E1 = {
						CreatedOnToolsVersion = 10.0;
						TestTargetID = 3A54AA6D21B06CB0005A04E1;
					};
					3A54AA8E21B06CB3005A04E1 = {
						CreatedOnToolsVersion = 10.0;
						TestTargetID = 3A54AA6D21B06CB0005A04E1;
					};
				};
			};
			buildConfigurationList = 3A54AA6921B06CB0005A04E1 /* Build configuration list for PBXProject "Budget" */;
			compatibilityVersion = "Xcode 9.3";
			developmentRegion = en;
			hasScannedForEncodings = 0;
			knownRegions = (
				en,
				Base,
			);
			mainGroup = 3A54AA6521B06CB0005A04E1;
			productRefGroup = 3A54AA6F21B06CB0005A04E1 /* Products */;
			projectDirPath = "";
			projectRoot = "";
			targets = (
				3A54AA6D21B06CB0005A04E1 /* Budget */,
				3A54AA8321B06CB3005A04E1 /* BudgetTests */,
				3A54AA8E21B06CB3005A04E1 /* BudgetUITests */,
			);
		};
/* End PBXProject section */

/* Begin PBXResourcesBuildPhase section */
		3A54AA6C21B06CB0005A04E1 /* Resources */ = {
			isa = PBXResourcesBuildPhase;
			buildActionMask = 2147483647;
			files = (
				3A54AA7E21B06CB3005A04E1 /* LaunchScreen.storyboard in Resources */,
				3A54AA7B21B06CB3005A04E1 /* Assets.xcassets in Resources */,
				3A54AA7921B06CB0005A04E1 /* Main.storyboard in Resources */,
			);
			runOnlyForDeploymentPostprocessing = 0;
		};
		3A54AA8221B06CB3005A04E1 /* Resources */ = {
			isa = PBXResourcesBuildPhase;
			buildActionMask = 2147483647;
			files = (
			);
			runOnlyForDeploymentPostprocessing = 0;
		};
		3A54AA8D21B06CB3005A04E1 /* Resources */ = {
			isa = PBXResourcesBuildPhase;
			buildActionMask = 2147483647;
			files = (
			);
			runOnlyForDeploymentPostprocessing = 0;
		};
/* End PBXResourcesBuildPhase section */

/* Begin PBXShellScriptBuildPhase section */
		08A855B057A1EE5F5506CB4F /* [CP] Embed Pods Frameworks */ = {
			isa = PBXShellScriptBuildPhase;
			buildActionMask = 2147483647;
			files = (
			);
			inputFileListPaths = (
			);
			inputPaths = (
				"${SRCROOT}/Pods/Target Support Files/Pods-Budget/Pods-Budget-frameworks.sh",
				"${BUILT_PRODUCTS_DIR}/Alamofire/Alamofire.framework",
			);
			name = "[CP] Embed Pods Frameworks";
			outputFileListPaths = (
			);
			outputPaths = (
				"${TARGET_BUILD_DIR}/${FRAMEWORKS_FOLDER_PATH}/Alamofire.framework",
			);
			runOnlyForDeploymentPostprocessing = 0;
			shellPath = /bin/sh;
			shellScript = "\"${SRCROOT}/Pods/Target Support Files/Pods-Budget/Pods-Budget-frameworks.sh\"\n";
			showEnvVarsInLog = 0;
		};
		A306A18C64A60EE9D151814B /* [CP] Check Pods Manifest.lock */ = {
			isa = PBXShellScriptBuildPhase;
			buildActionMask = 2147483647;
			files = (
			);
			inputFileListPaths = (
			);
			inputPaths = (
				"${PODS_PODFILE_DIR_PATH}/Podfile.lock",
				"${PODS_ROOT}/Manifest.lock",
			);
			name = "[CP] Check Pods Manifest.lock";
			outputFileListPaths = (
			);
			outputPaths = (
				"$(DERIVED_FILE_DIR)/Pods-BudgetUITests-checkManifestLockResult.txt",
			);
			runOnlyForDeploymentPostprocessing = 0;
			shellPath = /bin/sh;
			shellScript = "diff \"${PODS_PODFILE_DIR_PATH}/Podfile.lock\" \"${PODS_ROOT}/Manifest.lock\" > /dev/null\nif [ $? != 0 ] ; then\n    # print error to STDERR\n    echo \"error: The sandbox is not in sync with the Podfile.lock. Run 'pod install' or update your CocoaPods installation.\" >&2\n    exit 1\nfi\n# This output is used by Xcode 'outputs' to avoid re-running this script phase.\necho \"SUCCESS\" > \"${SCRIPT_OUTPUT_FILE_0}\"\n";
			showEnvVarsInLog = 0;
		};
		AB04411C734E72B6A17CBE61 /* [CP] Check Pods Manifest.lock */ = {
			isa = PBXShellScriptBuildPhase;
			buildActionMask = 2147483647;
			files = (
			);
			inputFileListPaths = (
			);
			inputPaths = (
				"${PODS_PODFILE_DIR_PATH}/Podfile.lock",
				"${PODS_ROOT}/Manifest.lock",
			);
			name = "[CP] Check Pods Manifest.lock";
			outputFileListPaths = (
			);
			outputPaths = (
				"$(DERIVED_FILE_DIR)/Pods-BudgetTests-checkManifestLockResult.txt",
			);
			runOnlyForDeploymentPostprocessing = 0;
			shellPath = /bin/sh;
			shellScript = "diff \"${PODS_PODFILE_DIR_PATH}/Podfile.lock\" \"${PODS_ROOT}/Manifest.lock\" > /dev/null\nif [ $? != 0 ] ; then\n    # print error to STDERR\n    echo \"error: The sandbox is not in sync with the Podfile.lock. Run 'pod install' or update your CocoaPods installation.\" >&2\n    exit 1\nfi\n# This output is used by Xcode 'outputs' to avoid re-running this script phase.\necho \"SUCCESS\" > \"${SCRIPT_OUTPUT_FILE_0}\"\n";
			showEnvVarsInLog = 0;
		};
		B42E3912FFCCF357AC841357 /* [CP] Check Pods Manifest.lock */ = {
			isa = PBXShellScriptBuildPhase;
			buildActionMask = 2147483647;
			files = (
			);
			inputFileListPaths = (
			);
			inputPaths = (
				"${PODS_PODFILE_DIR_PATH}/Podfile.lock",
				"${PODS_ROOT}/Manifest.lock",
			);
			name = "[CP] Check Pods Manifest.lock";
			outputFileListPaths = (
			);
			outputPaths = (
				"$(DERIVED_FILE_DIR)/Pods-Budget-checkManifestLockResult.txt",
			);
			runOnlyForDeploymentPostprocessing = 0;
			shellPath = /bin/sh;
			shellScript = "diff \"${PODS_PODFILE_DIR_PATH}/Podfile.lock\" \"${PODS_ROOT}/Manifest.lock\" > /dev/null\nif [ $? != 0 ] ; then\n    # print error to STDERR\n    echo \"error: The sandbox is not in sync with the Podfile.lock. Run 'pod install' or update your CocoaPods installation.\" >&2\n    exit 1\nfi\n# This output is used by Xcode 'outputs' to avoid re-running this script phase.\necho \"SUCCESS\" > \"${SCRIPT_OUTPUT_FILE_0}\"\n";
			showEnvVarsInLog = 0;
		};
/* End PBXShellScriptBuildPhase section */

/* Begin PBXSourcesBuildPhase section */
		3A54AA6A21B06CB0005A04E1 /* Sources */ = {
			isa = PBXSourcesBuildPhase;
			buildActionMask = 2147483647;
			files = (
				3A54AAD221B07821005A04E1 /* detailviewcell.swift in Sources */,
				3A54AAD821B07873005A04E1 /* Spendingtableview.swift in Sources */,
				3A54AACF21B077F3005A04E1 /* Spending.swift in Sources */,
				3A54AADC21B45027005A04E1 /* thirdView.swift in Sources */,
				3A54AAA321B072E4005A04E1 /* BudgetAPI.swift in Sources */,
				3A54AAAE21B07307005A04E1 /* CatagoryCollectionViewFlowLayout.swift in Sources */,
				3A54AA7621B06CB0005A04E1 /* SecondViewController.swift in Sources */,
				3A54AAD421B0784B005A04E1 /* catagorydetail.swift in Sources */,
				3A54AAB521B0732D005A04E1 /* Page.swift in Sources */,
				3A54AACD21B077D6005A04E1 /* Catagories.swift in Sources */,
				3A54AADE21B45329005A04E1 /* NetworkManager.swift in Sources */,
				3A54AA7221B06CB0005A04E1 /* AppDelegate.swift in Sources */,
				3A54AAD121B0781F005A04E1 /* CatagoryCollectionViewCell.swift in Sources */,
				3A54AA7421B06CB0005A04E1 /* FirstViewController.swift in Sources */,
			);
			runOnlyForDeploymentPostprocessing = 0;
		};
		3A54AA8021B06CB3005A04E1 /* Sources */ = {
			isa = PBXSourcesBuildPhase;
			buildActionMask = 2147483647;
			files = (
				3A54AA8921B06CB3005A04E1 /* BudgetTests.swift in Sources */,
			);
			runOnlyForDeploymentPostprocessing = 0;
		};
		3A54AA8B21B06CB3005A04E1 /* Sources */ = {
			isa = PBXSourcesBuildPhase;
			buildActionMask = 2147483647;
			files = (
				3A54AA9421B06CB3005A04E1 /* BudgetUITests.swift in Sources */,
			);
			runOnlyForDeploymentPostprocessing = 0;
		};
/* End PBXSourcesBuildPhase section */

/* Begin PBXTargetDependency section */
		3A54AA8621B06CB3005A04E1 /* PBXTargetDependency */ = {
			isa = PBXTargetDependency;
			target = 3A54AA6D21B06CB0005A04E1 /* Budget */;
			targetProxy = 3A54AA8521B06CB3005A04E1 /* PBXContainerItemProxy */;
		};
		3A54AA9121B06CB3005A04E1 /* PBXTargetDependency */ = {
			isa = PBXTargetDependency;
			target = 3A54AA6D21B06CB0005A04E1 /* Budget */;
			targetProxy = 3A54AA9021B06CB3005A04E1 /* PBXContainerItemProxy */;
		};
/* End PBXTargetDependency section */

/* Begin PBXVariantGroup section */
		3A54AA7721B06CB0005A04E1 /* Main.storyboard */ = {
			isa = PBXVariantGroup;
			children = (
				3A54AA7821B06CB0005A04E1 /* Base */,
			);
			name = Main.storyboard;
			sourceTree = "<group>";
		};
		3A54AA7C21B06CB3005A04E1 /* LaunchScreen.storyboard */ = {
			isa = PBXVariantGroup;
			children = (
				3A54AA7D21B06CB3005A04E1 /* Base */,
			);
			name = LaunchScreen.storyboard;
			sourceTree = "<group>";
		};
/* End PBXVariantGroup section */

/* Begin XCBuildConfiguration section */
		3A54AA9621B06CB3005A04E1 /* Debug */ = {
			isa = XCBuildConfiguration;
			buildSettings = {
				ALWAYS_SEARCH_USER_PATHS = NO;
				CLANG_ANALYZER_NONNULL = YES;
				CLANG_ANALYZER_NUMBER_OBJECT_CONVERSION = YES_AGGRESSIVE;
				CLANG_CXX_LANGUAGE_STANDARD = "gnu++14";
				CLANG_CXX_LIBRARY = "libc++";
				CLANG_ENABLE_MODULES = YES;
				CLANG_ENABLE_OBJC_ARC = YES;
				CLANG_ENABLE_OBJC_WEAK = YES;
				CLANG_WARN_BLOCK_CAPTURE_AUTORELEASING = YES;
				CLANG_WARN_BOOL_CONVERSION = YES;
				CLANG_WARN_COMMA = YES;
				CLANG_WARN_CONSTANT_CONVERSION = YES;
				CLANG_WARN_DEPRECATED_OBJC_IMPLEMENTATIONS = YES;
				CLANG_WARN_DIRECT_OBJC_ISA_USAGE = YES_ERROR;
				CLANG_WARN_DOCUMENTATION_COMMENTS = YES;
				CLANG_WARN_EMPTY_BODY = YES;
				CLANG_WARN_ENUM_CONVERSION = YES;
				CLANG_WARN_INFINITE_RECURSION = YES;
				CLANG_WARN_INT_CONVERSION = YES;
				CLANG_WARN_NON_LITERAL_NULL_CONVERSION = YES;
				CLANG_WARN_OBJC_IMPLICIT_RETAIN_SELF = YES;
				CLANG_WARN_OBJC_LITERAL_CONVERSION = YES;
				CLANG_WARN_OBJC_ROOT_CLASS = YES_ERROR;
				CLANG_WARN_RANGE_LOOP_ANALYSIS = YES;
				CLANG_WARN_STRICT_PROTOTYPES = YES;
				CLANG_WARN_SUSPICIOUS_MOVE = YES;
				CLANG_WARN_UNGUARDED_AVAILABILITY = YES_AGGRESSIVE;
				CLANG_WARN_UNREACHABLE_CODE = YES;
				CLANG_WARN__DUPLICATE_METHOD_MATCH = YES;
				CODE_SIGN_IDENTITY = "iPhone Developer";
				COPY_PHASE_STRIP = NO;
				DEBUG_INFORMATION_FORMAT = dwarf;
				ENABLE_STRICT_OBJC_MSGSEND = YES;
				ENABLE_TESTABILITY = YES;
				GCC_C_LANGUAGE_STANDARD = gnu11;
				GCC_DYNAMIC_NO_PIC = NO;
				GCC_NO_COMMON_BLOCKS = YES;
				GCC_OPTIMIZATION_LEVEL = 0;
				GCC_PREPROCESSOR_DEFINITIONS = (
					"DEBUG=1",
					"$(inherited)",
				);
				GCC_WARN_64_TO_32_BIT_CONVERSION = YES;
				GCC_WARN_ABOUT_RETURN_TYPE = YES_ERROR;
				GCC_WARN_UNDECLARED_SELECTOR = YES;
				GCC_WARN_UNINITIALIZED_AUTOS = YES_AGGRESSIVE;
				GCC_WARN_UNUSED_FUNCTION = YES;
				GCC_WARN_UNUSED_VARIABLE = YES;
				IPHONEOS_DEPLOYMENT_TARGET = 12.0;
				MTL_ENABLE_DEBUG_INFO = INCLUDE_SOURCE;
				MTL_FAST_MATH = YES;
				ONLY_ACTIVE_ARCH = YES;
				SDKROOT = iphoneos;
				SWIFT_ACTIVE_COMPILATION_CONDITIONS = DEBUG;
				SWIFT_OPTIMIZATION_LEVEL = "-Onone";
			};
			name = Debug;
		};
		3A54AA9721B06CB3005A04E1 /* Release */ = {
			isa = XCBuildConfiguration;
			buildSettings = {
				ALWAYS_SEARCH_USER_PATHS = NO;
				CLANG_ANALYZER_NONNULL = YES;
				CLANG_ANALYZER_NUMBER_OBJECT_CONVERSION = YES_AGGRESSIVE;
				CLANG_CXX_LANGUAGE_STANDARD = "gnu++14";
				CLANG_CXX_LIBRARY = "libc++";
				CLANG_ENABLE_MODULES = YES;
				CLANG_ENABLE_OBJC_ARC = YES;
				CLANG_ENABLE_OBJC_WEAK = YES;
				CLANG_WARN_BLOCK_CAPTURE_AUTORELEASING = YES;
				CLANG_WARN_BOOL_CONVERSION = YES;
				CLANG_WARN_COMMA = YES;
				CLANG_WARN_CONSTANT_CONVERSION = YES;
				CLANG_WARN_DEPRECATED_OBJC_IMPLEMENTATIONS = YES;
				CLANG_WARN_DIRECT_OBJC_ISA_USAGE = YES_ERROR;
				CLANG_WARN_DOCUMENTATION_COMMENTS = YES;
				CLANG_WARN_EMPTY_BODY = YES;
				CLANG_WARN_ENUM_CONVERSION = YES;
				CLANG_WARN_INFINITE_RECURSION = YES;
				CLANG_WARN_INT_CONVERSION = YES;
				CLANG_WARN_NON_LITERAL_NULL_CONVERSION = YES;
				CLANG_WARN_OBJC_IMPLICIT_RETAIN_SELF = YES;
				CLANG_WARN_OBJC_LITERAL_CONVERSION = YES;
				CLANG_WARN_OBJC_ROOT_CLASS = YES_ERROR;
				CLANG_WARN_RANGE_LOOP_ANALYSIS = YES;
				CLANG_WARN_STRICT_PROTOTYPES = YES;
				CLANG_WARN_SUSPICIOUS_MOVE = YES;
				CLANG_WARN_UNGUARDED_AVAILABILITY = YES_AGGRESSIVE;
				CLANG_WARN_UNREACHABLE_CODE = YES;
				CLANG_WARN__DUPLICATE_METHOD_MATCH = YES;
				CODE_SIGN_IDENTITY = "iPhone Developer";
				COPY_PHASE_STRIP = NO;
				DEBUG_INFORMATION_FORMAT = "dwarf-with-dsym";
				ENABLE_NS_ASSERTIONS = NO;
				ENABLE_STRICT_OBJC_MSGSEND = YES;
				GCC_C_LANGUAGE_STANDARD = gnu11;
				GCC_NO_COMMON_BLOCKS = YES;
				GCC_WARN_64_TO_32_BIT_CONVERSION = YES;
				GCC_WARN_ABOUT_RETURN_TYPE = YES_ERROR;
				GCC_WARN_UNDECLARED_SELECTOR = YES;
				GCC_WARN_UNINITIALIZED_AUTOS = YES_AGGRESSIVE;
				GCC_WARN_UNUSED_FUNCTION = YES;
				GCC_WARN_UNUSED_VARIABLE = YES;
				IPHONEOS_DEPLOYMENT_TARGET = 12.0;
				MTL_ENABLE_DEBUG_INFO = NO;
				MTL_FAST_MATH = YES;
				SDKROOT = iphoneos;
				SWIFT_COMPILATION_MODE = wholemodule;
				SWIFT_OPTIMIZATION_LEVEL = "-O";
				VALIDATE_PRODUCT = YES;
			};
			name = Release;
		};
		3A54AA9921B06CB3005A04E1 /* Debug */ = {
			isa = XCBuildConfiguration;
			baseConfigurationReference = FD1E1152C06A91EFF2F65B54 /* Pods-Budget.debug.xcconfig */;
			buildSettings = {
				ASSETCATALOG_COMPILER_APPICON_NAME = AppIcon;
				CODE_SIGN_STYLE = Automatic;
				INFOPLIST_FILE = Budget/Info.plist;
				LD_RUNPATH_SEARCH_PATHS = (
					"$(inherited)",
					"@executable_path/Frameworks",
				);
				PRODUCT_BUNDLE_IDENTIFIER = vivi.Budget;
				PRODUCT_NAME = "$(TARGET_NAME)";
				SWIFT_VERSION = 4.2;
				TARGETED_DEVICE_FAMILY = "1,2";
			};
			name = Debug;
		};
		3A54AA9A21B06CB3005A04E1 /* Release */ = {
			isa = XCBuildConfiguration;
			baseConfigurationReference = D8AD3DEF5AB235A3DDEEA661 /* Pods-Budget.release.xcconfig */;
			buildSettings = {
				ASSETCATALOG_COMPILER_APPICON_NAME = AppIcon;
				CODE_SIGN_STYLE = Automatic;
				INFOPLIST_FILE = Budget/Info.plist;
				LD_RUNPATH_SEARCH_PATHS = (
					"$(inherited)",
					"@executable_path/Frameworks",
				);
				PRODUCT_BUNDLE_IDENTIFIER = vivi.Budget;
				PRODUCT_NAME = "$(TARGET_NAME)";
				SWIFT_VERSION = 4.2;
				TARGETED_DEVICE_FAMILY = "1,2";
			};
			name = Release;
		};
		3A54AA9C21B06CB3005A04E1 /* Debug */ = {
			isa = XCBuildConfiguration;
			baseConfigurationReference = 1F178BCCBFF886C4655A3488 /* Pods-BudgetTests.debug.xcconfig */;
			buildSettings = {
				ALWAYS_EMBED_SWIFT_STANDARD_LIBRARIES = YES;
				BUNDLE_LOADER = "$(TEST_HOST)";
				CODE_SIGN_STYLE = Automatic;
				INFOPLIST_FILE = BudgetTests/Info.plist;
				LD_RUNPATH_SEARCH_PATHS = (
					"$(inherited)",
					"@executable_path/Frameworks",
					"@loader_path/Frameworks",
				);
				PRODUCT_BUNDLE_IDENTIFIER = vivi.BudgetTests;
				PRODUCT_NAME = "$(TARGET_NAME)";
				SWIFT_VERSION = 4.2;
				TARGETED_DEVICE_FAMILY = "1,2";
				TEST_HOST = "$(BUILT_PRODUCTS_DIR)/Budget.app/Budget";
			};
			name = Debug;
		};
		3A54AA9D21B06CB3005A04E1 /* Release */ = {
			isa = XCBuildConfiguration;
			baseConfigurationReference = 73B6C3F53D8F0F82249D654B /* Pods-BudgetTests.release.xcconfig */;
			buildSettings = {
				ALWAYS_EMBED_SWIFT_STANDARD_LIBRARIES = YES;
				BUNDLE_LOADER = "$(TEST_HOST)";
				CODE_SIGN_STYLE = Automatic;
				INFOPLIST_FILE = BudgetTests/Info.plist;
				LD_RUNPATH_SEARCH_PATHS = (
					"$(inherited)",
					"@executable_path/Frameworks",
					"@loader_path/Frameworks",
				);
				PRODUCT_BUNDLE_IDENTIFIER = vivi.BudgetTests;
				PRODUCT_NAME = "$(TARGET_NAME)";
				SWIFT_VERSION = 4.2;
				TARGETED_DEVICE_FAMILY = "1,2";
				TEST_HOST = "$(BUILT_PRODUCTS_DIR)/Budget.app/Budget";
			};
			name = Release;
		};
		3A54AA9F21B06CB3005A04E1 /* Debug */ = {
			isa = XCBuildConfiguration;
			baseConfigurationReference = A94C4559BD525790D66A9217 /* Pods-BudgetUITests.debug.xcconfig */;
			buildSettings = {
				ALWAYS_EMBED_SWIFT_STANDARD_LIBRARIES = YES;
				CODE_SIGN_STYLE = Automatic;
				INFOPLIST_FILE = BudgetUITests/Info.plist;
				LD_RUNPATH_SEARCH_PATHS = (
					"$(inherited)",
					"@executable_path/Frameworks",
					"@loader_path/Frameworks",
				);
				PRODUCT_BUNDLE_IDENTIFIER = vivi.BudgetUITests;
				PRODUCT_NAME = "$(TARGET_NAME)";
				SWIFT_VERSION = 4.2;
				TARGETED_DEVICE_FAMILY = "1,2";
				TEST_TARGET_NAME = Budget;
			};
			name = Debug;
		};
		3A54AAA021B06CB3005A04E1 /* Release */ = {
			isa = XCBuildConfiguration;
			baseConfigurationReference = 30015C9A5C6BC749726037B3 /* Pods-BudgetUITests.release.xcconfig */;
			buildSettings = {
				ALWAYS_EMBED_SWIFT_STANDARD_LIBRARIES = YES;
				CODE_SIGN_STYLE = Automatic;
				INFOPLIST_FILE = BudgetUITests/Info.plist;
				LD_RUNPATH_SEARCH_PATHS = (
					"$(inherited)",
					"@executable_path/Frameworks",
					"@loader_path/Frameworks",
				);
				PRODUCT_BUNDLE_IDENTIFIER = vivi.BudgetUITests;
				PRODUCT_NAME = "$(TARGET_NAME)";
				SWIFT_VERSION = 4.2;
				TARGETED_DEVICE_FAMILY = "1,2";
				TEST_TARGET_NAME = Budget;
			};
			name = Release;
		};
/* End XCBuildConfiguration section */

/* Begin XCConfigurationList section */
		3A54AA6921B06CB0005A04E1 /* Build configuration list for PBXProject "Budget" */ = {
			isa = XCConfigurationList;
			buildConfigurations = (
				3A54AA9621B06CB3005A04E1 /* Debug */,
				3A54AA9721B06CB3005A04E1 /* Release */,
			);
			defaultConfigurationIsVisible = 0;
			defaultConfigurationName = Release;
		};
		3A54AA9821B06CB3005A04E1 /* Build configuration list for PBXNativeTarget "Budget" */ = {
			isa = XCConfigurationList;
			buildConfigurations = (
				3A54AA9921B06CB3005A04E1 /* Debug */,
				3A54AA9A21B06CB3005A04E1 /* Release */,
			);
			defaultConfigurationIsVisible = 0;
			defaultConfigurationName = Release;
		};
		3A54AA9B21B06CB3005A04E1 /* Build configuration list for PBXNativeTarget "BudgetTests" */ = {
			isa = XCConfigurationList;
			buildConfigurations = (
				3A54AA9C21B06CB3005A04E1 /* Debug */,
				3A54AA9D21B06CB3005A04E1 /* Release */,
			);
			defaultConfigurationIsVisible = 0;
			defaultConfigurationName = Release;
		};
		3A54AA9E21B06CB3005A04E1 /* Build configuration list for PBXNativeTarget "BudgetUITests" */ = {
			isa = XCConfigurationList;
			buildConfigurations = (
				3A54AA9F21B06CB3005A04E1 /* Debug */,
				3A54AAA021B06CB3005A04E1 /* Release */,
			);
			defaultConfigurationIsVisible = 0;
			defaultConfigurationName = Release;
		};
/* End XCConfigurationList section */
	};
	rootObject = 3A54AA6621B06CB0005A04E1 /* Project object */;
}
