// !$*UTF8*$!
{
	archiveVersion = 1;
	classes = {
	};
	objectVersion = 50;
	objects = {

/* Begin PBXBuildFile section */
		3ABE884621ACEC4D00339088 /* AppDelegate.swift in Sources */ = {isa = PBXBuildFile; fileRef = 3ABE884521ACEC4D00339088 /* AppDelegate.swift */; };
		3ABE884821ACEC4D00339088 /* ViewController.swift in Sources */ = {isa = PBXBuildFile; fileRef = 3ABE884721ACEC4D00339088 /* ViewController.swift */; };
		3ABE884B21ACEC4D00339088 /* Main.storyboard in Resources */ = {isa = PBXBuildFile; fileRef = 3ABE884921ACEC4D00339088 /* Main.storyboard */; };
		3ABE884D21ACEC4E00339088 /* Assets.xcassets in Resources */ = {isa = PBXBuildFile; fileRef = 3ABE884C21ACEC4E00339088 /* Assets.xcassets */; };
		3ABE885021ACEC4E00339088 /* LaunchScreen.storyboard in Resources */ = {isa = PBXBuildFile; fileRef = 3ABE884E21ACEC4E00339088 /* LaunchScreen.storyboard */; };
		3ABE885B21ACEC4E00339088 /* budgetUTests.swift in Sources */ = {isa = PBXBuildFile; fileRef = 3ABE885A21ACEC4E00339088 /* budgetUTests.swift */; };
		3ABE886621ACEC4F00339088 /* budgetUUITests.swift in Sources */ = {isa = PBXBuildFile; fileRef = 3ABE886521ACEC4F00339088 /* budgetUUITests.swift */; };
/* End PBXBuildFile section */

/* Begin PBXContainerItemProxy section */
		3ABE885721ACEC4E00339088 /* PBXContainerItemProxy */ = {
			isa = PBXContainerItemProxy;
			containerPortal = 3ABE883A21ACEC4D00339088 /* Project object */;
			proxyType = 1;
			remoteGlobalIDString = 3ABE884121ACEC4D00339088;
			remoteInfo = budgetU;
		};
		3ABE886221ACEC4F00339088 /* PBXContainerItemProxy */ = {
			isa = PBXContainerItemProxy;
			containerPortal = 3ABE883A21ACEC4D00339088 /* Project object */;
			proxyType = 1;
			remoteGlobalIDString = 3ABE884121ACEC4D00339088;
			remoteInfo = budgetU;
		};
/* End PBXContainerItemProxy section */

/* Begin PBXFileReference section */
		3ABE884221ACEC4D00339088 /* budgetU.app */ = {isa = PBXFileReference; explicitFileType = wrapper.application; includeInIndex = 0; path = budgetU.app; sourceTree = BUILT_PRODUCTS_DIR; };
		3ABE884521ACEC4D00339088 /* AppDelegate.swift */ = {isa = PBXFileReference; lastKnownFileType = sourcecode.swift; path = AppDelegate.swift; sourceTree = "<group>"; };
		3ABE884721ACEC4D00339088 /* ViewController.swift */ = {isa = PBXFileReference; lastKnownFileType = sourcecode.swift; path = ViewController.swift; sourceTree = "<group>"; };
		3ABE884A21ACEC4D00339088 /* Base */ = {isa = PBXFileReference; lastKnownFileType = file.storyboard; name = Base; path = Base.lproj/Main.storyboard; sourceTree = "<group>"; };
		3ABE884C21ACEC4E00339088 /* Assets.xcassets */ = {isa = PBXFileReference; lastKnownFileType = folder.assetcatalog; path = Assets.xcassets; sourceTree = "<group>"; };
		3ABE884F21ACEC4E00339088 /* Base */ = {isa = PBXFileReference; lastKnownFileType = file.storyboard; name = Base; path = Base.lproj/LaunchScreen.storyboard; sourceTree = "<group>"; };
		3ABE885121ACEC4E00339088 /* Info.plist */ = {isa = PBXFileReference; lastKnownFileType = text.plist.xml; path = Info.plist; sourceTree = "<group>"; };
		3ABE885621ACEC4E00339088 /* budgetUTests.xctest */ = {isa = PBXFileReference; explicitFileType = wrapper.cfbundle; includeInIndex = 0; path = budgetUTests.xctest; sourceTree = BUILT_PRODUCTS_DIR; };
		3ABE885A21ACEC4E00339088 /* budgetUTests.swift */ = {isa = PBXFileReference; lastKnownFileType = sourcecode.swift; path = budgetUTests.swift; sourceTree = "<group>"; };
		3ABE885C21ACEC4E00339088 /* Info.plist */ = {isa = PBXFileReference; lastKnownFileType = text.plist.xml; path = Info.plist; sourceTree = "<group>"; };
		3ABE886121ACEC4F00339088 /* budgetUUITests.xctest */ = {isa = PBXFileReference; explicitFileType = wrapper.cfbundle; includeInIndex = 0; path = budgetUUITests.xctest; sourceTree = BUILT_PRODUCTS_DIR; };
		3ABE886521ACEC4F00339088 /* budgetUUITests.swift */ = {isa = PBXFileReference; lastKnownFileType = sourcecode.swift; path = budgetUUITests.swift; sourceTree = "<group>"; };
		3ABE886721ACEC4F00339088 /* Info.plist */ = {isa = PBXFileReference; lastKnownFileType = text.plist.xml; path = Info.plist; sourceTree = "<group>"; };
/* End PBXFileReference section */

/* Begin PBXFrameworksBuildPhase section */
		3ABE883F21ACEC4D00339088 /* Frameworks */ = {
			isa = PBXFrameworksBuildPhase;
			buildActionMask = 2147483647;
			files = (
			);
			runOnlyForDeploymentPostprocessing = 0;
		};
		3ABE885321ACEC4E00339088 /* Frameworks */ = {
			isa = PBXFrameworksBuildPhase;
			buildActionMask = 2147483647;
			files = (
			);
			runOnlyForDeploymentPostprocessing = 0;
		};
		3ABE885E21ACEC4F00339088 /* Frameworks */ = {
			isa = PBXFrameworksBuildPhase;
			buildActionMask = 2147483647;
			files = (
			);
			runOnlyForDeploymentPostprocessing = 0;
		};
/* End PBXFrameworksBuildPhase section */

/* Begin PBXGroup section */
		3ABE883921ACEC4D00339088 = {
			isa = PBXGroup;
			children = (
				3ABE884421ACEC4D00339088 /* budgetU */,
				3ABE885921ACEC4E00339088 /* budgetUTests */,
				3ABE886421ACEC4F00339088 /* budgetUUITests */,
				3ABE884321ACEC4D00339088 /* Products */,
			);
			sourceTree = "<group>";
		};
		3ABE884321ACEC4D00339088 /* Products */ = {
			isa = PBXGroup;
			children = (
				3ABE884221ACEC4D00339088 /* budgetU.app */,
				3ABE885621ACEC4E00339088 /* budgetUTests.xctest */,
				3ABE886121ACEC4F00339088 /* budgetUUITests.xctest */,
			);
			name = Products;
			sourceTree = "<group>";
		};
		3ABE884421ACEC4D00339088 /* budgetU */ = {
			isa = PBXGroup;
			children = (
				3ABE884521ACEC4D00339088 /* AppDelegate.swift */,
				3ABE884721ACEC4D00339088 /* ViewController.swift */,
				3ABE884921ACEC4D00339088 /* Main.storyboard */,
				3ABE884C21ACEC4E00339088 /* Assets.xcassets */,
				3ABE884E21ACEC4E00339088 /* LaunchScreen.storyboard */,
				3ABE885121ACEC4E00339088 /* Info.plist */,
			);
			path = budgetU;
			sourceTree = "<group>";
		};
		3ABE885921ACEC4E00339088 /* budgetUTests */ = {
			isa = PBXGroup;
			children = (
				3ABE885A21ACEC4E00339088 /* budgetUTests.swift */,
				3ABE885C21ACEC4E00339088 /* Info.plist */,
			);
			path = budgetUTests;
			sourceTree = "<group>";
		};
		3ABE886421ACEC4F00339088 /* budgetUUITests */ = {
			isa = PBXGroup;
			children = (
				3ABE886521ACEC4F00339088 /* budgetUUITests.swift */,
				3ABE886721ACEC4F00339088 /* Info.plist */,
			);
			path = budgetUUITests;
			sourceTree = "<group>";
		};
/* End PBXGroup section */

/* Begin PBXNativeTarget section */
		3ABE884121ACEC4D00339088 /* budgetU */ = {
			isa = PBXNativeTarget;
			buildConfigurationList = 3ABE886A21ACEC4F00339088 /* Build configuration list for PBXNativeTarget "budgetU" */;
			buildPhases = (
				3ABE883E21ACEC4D00339088 /* Sources */,
				3ABE883F21ACEC4D00339088 /* Frameworks */,
				3ABE884021ACEC4D00339088 /* Resources */,
			);
			buildRules = (
			);
			dependencies = (
			);
			name = budgetU;
			productName = budgetU;
			productReference = 3ABE884221ACEC4D00339088 /* budgetU.app */;
			productType = "com.apple.product-type.application";
		};
		3ABE885521ACEC4E00339088 /* budgetUTests */ = {
			isa = PBXNativeTarget;
			buildConfigurationList = 3ABE886D21ACEC4F00339088 /* Build configuration list for PBXNativeTarget "budgetUTests" */;
			buildPhases = (
				3ABE885221ACEC4E00339088 /* Sources */,
				3ABE885321ACEC4E00339088 /* Frameworks */,
				3ABE885421ACEC4E00339088 /* Resources */,
			);
			buildRules = (
			);
			dependencies = (
				3ABE885821ACEC4E00339088 /* PBXTargetDependency */,
			);
			name = budgetUTests;
			productName = budgetUTests;
			productReference = 3ABE885621ACEC4E00339088 /* budgetUTests.xctest */;
			productType = "com.apple.product-type.bundle.unit-test";
		};
		3ABE886021ACEC4F00339088 /* budgetUUITests */ = {
			isa = PBXNativeTarget;
			buildConfigurationList = 3ABE887021ACEC4F00339088 /* Build configuration list for PBXNativeTarget "budgetUUITests" */;
			buildPhases = (
				3ABE885D21ACEC4F00339088 /* Sources */,
				3ABE885E21ACEC4F00339088 /* Frameworks */,
				3ABE885F21ACEC4F00339088 /* Resources */,
			);
			buildRules = (
			);
			dependencies = (
				3ABE886321ACEC4F00339088 /* PBXTargetDependency */,
			);
			name = budgetUUITests;
			productName = budgetUUITests;
			productReference = 3ABE886121ACEC4F00339088 /* budgetUUITests.xctest */;
			productType = "com.apple.product-type.bundle.ui-testing";
		};
/* End PBXNativeTarget section */

/* Begin PBXProject section */
		3ABE883A21ACEC4D00339088 /* Project object */ = {
			isa = PBXProject;
			attributes = {
				LastSwiftUpdateCheck = 1000;
				LastUpgradeCheck = 1000;
				ORGANIZATIONNAME = "无比机智的树懒大人";
				TargetAttributes = {
					3ABE884121ACEC4D00339088 = {
						CreatedOnToolsVersion = 10.0;
					};
					3ABE885521ACEC4E00339088 = {
						CreatedOnToolsVersion = 10.0;
						TestTargetID = 3ABE884121ACEC4D00339088;
					};
					3ABE886021ACEC4F00339088 = {
						CreatedOnToolsVersion = 10.0;
						TestTargetID = 3ABE884121ACEC4D00339088;
					};
				};
			};
			buildConfigurationList = 3ABE883D21ACEC4D00339088 /* Build configuration list for PBXProject "budgetU" */;
			compatibilityVersion = "Xcode 9.3";
			developmentRegion = en;
			hasScannedForEncodings = 0;
			knownRegions = (
				en,
				Base,
			);
			mainGroup = 3ABE883921ACEC4D00339088;
			productRefGroup = 3ABE884321ACEC4D00339088 /* Products */;
			projectDirPath = "";
			projectRoot = "";
			targets = (
				3ABE884121ACEC4D00339088 /* budgetU */,
				3ABE885521ACEC4E00339088 /* budgetUTests */,
				3ABE886021ACEC4F00339088 /* budgetUUITests */,
			);
		};
/* End PBXProject section */

/* Begin PBXResourcesBuildPhase section */
		3ABE884021ACEC4D00339088 /* Resources */ = {
			isa = PBXResourcesBuildPhase;
			buildActionMask = 2147483647;
			files = (
				3ABE885021ACEC4E00339088 /* LaunchScreen.storyboard in Resources */,
				3ABE884D21ACEC4E00339088 /* Assets.xcassets in Resources */,
				3ABE884B21ACEC4D00339088 /* Main.storyboard in Resources */,
			);
			runOnlyForDeploymentPostprocessing = 0;
		};
		3ABE885421ACEC4E00339088 /* Resources */ = {
			isa = PBXResourcesBuildPhase;
			buildActionMask = 2147483647;
			files = (
			);
			runOnlyForDeploymentPostprocessing = 0;
		};
		3ABE885F21ACEC4F00339088 /* Resources */ = {
			isa = PBXResourcesBuildPhase;
			buildActionMask = 2147483647;
			files = (
			);
			runOnlyForDeploymentPostprocessing = 0;
		};
/* End PBXResourcesBuildPhase section */

/* Begin PBXSourcesBuildPhase section */
		3ABE883E21ACEC4D00339088 /* Sources */ = {
			isa = PBXSourcesBuildPhase;
			buildActionMask = 2147483647;
			files = (
				3ABE884821ACEC4D00339088 /* ViewController.swift in Sources */,
				3ABE884621ACEC4D00339088 /* AppDelegate.swift in Sources */,
			);
			runOnlyForDeploymentPostprocessing = 0;
		};
		3ABE885221ACEC4E00339088 /* Sources */ = {
			isa = PBXSourcesBuildPhase;
			buildActionMask = 2147483647;
			files = (
				3ABE885B21ACEC4E00339088 /* budgetUTests.swift in Sources */,
			);
			runOnlyForDeploymentPostprocessing = 0;
		};
		3ABE885D21ACEC4F00339088 /* Sources */ = {
			isa = PBXSourcesBuildPhase;
			buildActionMask = 2147483647;
			files = (
				3ABE886621ACEC4F00339088 /* budgetUUITests.swift in Sources */,
			);
			runOnlyForDeploymentPostprocessing = 0;
		};
/* End PBXSourcesBuildPhase section */

/* Begin PBXTargetDependency section */
		3ABE885821ACEC4E00339088 /* PBXTargetDependency */ = {
			isa = PBXTargetDependency;
			target = 3ABE884121ACEC4D00339088 /* budgetU */;
			targetProxy = 3ABE885721ACEC4E00339088 /* PBXContainerItemProxy */;
		};
		3ABE886321ACEC4F00339088 /* PBXTargetDependency */ = {
			isa = PBXTargetDependency;
			target = 3ABE884121ACEC4D00339088 /* budgetU */;
			targetProxy = 3ABE886221ACEC4F00339088 /* PBXContainerItemProxy */;
		};
/* End PBXTargetDependency section */

/* Begin PBXVariantGroup section */
		3ABE884921ACEC4D00339088 /* Main.storyboard */ = {
			isa = PBXVariantGroup;
			children = (
				3ABE884A21ACEC4D00339088 /* Base */,
			);
			name = Main.storyboard;
			sourceTree = "<group>";
		};
		3ABE884E21ACEC4E00339088 /* LaunchScreen.storyboard */ = {
			isa = PBXVariantGroup;
			children = (
				3ABE884F21ACEC4E00339088 /* Base */,
			);
			name = LaunchScreen.storyboard;
			sourceTree = "<group>";
		};
/* End PBXVariantGroup section */

/* Begin XCBuildConfiguration section */
		3ABE886821ACEC4F00339088 /* Debug */ = {
			isa = XCBuildConfiguration;
			buildSettings = {
				ALWAYS_SEARCH_USER_PATHS = NO;
				CLANG_ANALYZER_NONNULL = YES;
				CLANG_ANALYZER_NUMBER_OBJECT_CONVERSION = YES_AGGRESSIVE;
				CLANG_CXX_LANGUAGE_STANDARD = "gnu++14";
				CLANG_CXX_LIBRARY = "libc++";
				CLANG_ENABLE_MODULES = YES;
				CLANG_ENABLE_OBJC_ARC = YES;
				CLANG_ENABLE_OBJC_WEAK = YES;
				CLANG_WARN_BLOCK_CAPTURE_AUTORELEASING = YES;
				CLANG_WARN_BOOL_CONVERSION = YES;
				CLANG_WARN_COMMA = YES;
				CLANG_WARN_CONSTANT_CONVERSION = YES;
				CLANG_WARN_DEPRECATED_OBJC_IMPLEMENTATIONS = YES;
				CLANG_WARN_DIRECT_OBJC_ISA_USAGE = YES_ERROR;
				CLANG_WARN_DOCUMENTATION_COMMENTS = YES;
				CLANG_WARN_EMPTY_BODY = YES;
				CLANG_WARN_ENUM_CONVERSION = YES;
				CLANG_WARN_INFINITE_RECURSION = YES;
				CLANG_WARN_INT_CONVERSION = YES;
				CLANG_WARN_NON_LITERAL_NULL_CONVERSION = YES;
				CLANG_WARN_OBJC_IMPLICIT_RETAIN_SELF = YES;
				CLANG_WARN_OBJC_LITERAL_CONVERSION = YES;
				CLANG_WARN_OBJC_ROOT_CLASS = YES_ERROR;
				CLANG_WARN_RANGE_LOOP_ANALYSIS = YES;
				CLANG_WARN_STRICT_PROTOTYPES = YES;
				CLANG_WARN_SUSPICIOUS_MOVE = YES;
				CLANG_WARN_UNGUARDED_AVAILABILITY = YES_AGGRESSIVE;
				CLANG_WARN_UNREACHABLE_CODE = YES;
				CLANG_WARN__DUPLICATE_METHOD_MATCH = YES;
				CODE_SIGN_IDENTITY = "iPhone Developer";
				COPY_PHASE_STRIP = NO;
				DEBUG_INFORMATION_FORMAT = dwarf;
				ENABLE_STRICT_OBJC_MSGSEND = YES;
				ENABLE_TESTABILITY = YES;
				GCC_C_LANGUAGE_STANDARD = gnu11;
				GCC_DYNAMIC_NO_PIC = NO;
				GCC_NO_COMMON_BLOCKS = YES;
				GCC_OPTIMIZATION_LEVEL = 0;
				GCC_PREPROCESSOR_DEFINITIONS = (
					"DEBUG=1",
					"$(inherited)",
				);
				GCC_WARN_64_TO_32_BIT_CONVERSION = YES;
				GCC_WARN_ABOUT_RETURN_TYPE = YES_ERROR;
				GCC_WARN_UNDECLARED_SELECTOR = YES;
				GCC_WARN_UNINITIALIZED_AUTOS = YES_AGGRESSIVE;
				GCC_WARN_UNUSED_FUNCTION = YES;
				GCC_WARN_UNUSED_VARIABLE = YES;
				IPHONEOS_DEPLOYMENT_TARGET = 12.0;
				MTL_ENABLE_DEBUG_INFO = INCLUDE_SOURCE;
				MTL_FAST_MATH = YES;
				ONLY_ACTIVE_ARCH = YES;
				SDKROOT = iphoneos;
				SWIFT_ACTIVE_COMPILATION_CONDITIONS = DEBUG;
				SWIFT_OPTIMIZATION_LEVEL = "-Onone";
			};
			name = Debug;
		};
		3ABE886921ACEC4F00339088 /* Release */ = {
			isa = XCBuildConfiguration;
			buildSettings = {
				ALWAYS_SEARCH_USER_PATHS = NO;
				CLANG_ANALYZER_NONNULL = YES;
				CLANG_ANALYZER_NUMBER_OBJECT_CONVERSION = YES_AGGRESSIVE;
				CLANG_CXX_LANGUAGE_STANDARD = "gnu++14";
				CLANG_CXX_LIBRARY = "libc++";
				CLANG_ENABLE_MODULES = YES;
				CLANG_ENABLE_OBJC_ARC = YES;
				CLANG_ENABLE_OBJC_WEAK = YES;
				CLANG_WARN_BLOCK_CAPTURE_AUTORELEASING = YES;
				CLANG_WARN_BOOL_CONVERSION = YES;
				CLANG_WARN_COMMA = YES;
				CLANG_WARN_CONSTANT_CONVERSION = YES;
				CLANG_WARN_DEPRECATED_OBJC_IMPLEMENTATIONS = YES;
				CLANG_WARN_DIRECT_OBJC_ISA_USAGE = YES_ERROR;
				CLANG_WARN_DOCUMENTATION_COMMENTS = YES;
				CLANG_WARN_EMPTY_BODY = YES;
				CLANG_WARN_ENUM_CONVERSION = YES;
				CLANG_WARN_INFINITE_RECURSION = YES;
				CLANG_WARN_INT_CONVERSION = YES;
				CLANG_WARN_NON_LITERAL_NULL_CONVERSION = YES;
				CLANG_WARN_OBJC_IMPLICIT_RETAIN_SELF = YES;
				CLANG_WARN_OBJC_LITERAL_CONVERSION = YES;
				CLANG_WARN_OBJC_ROOT_CLASS = YES_ERROR;
				CLANG_WARN_RANGE_LOOP_ANALYSIS = YES;
				CLANG_WARN_STRICT_PROTOTYPES = YES;
				CLANG_WARN_SUSPICIOUS_MOVE = YES;
				CLANG_WARN_UNGUARDED_AVAILABILITY = YES_AGGRESSIVE;
				CLANG_WARN_UNREACHABLE_CODE = YES;
				CLANG_WARN__DUPLICATE_METHOD_MATCH = YES;
				CODE_SIGN_IDENTITY = "iPhone Developer";
				COPY_PHASE_STRIP = NO;
				DEBUG_INFORMATION_FORMAT = "dwarf-with-dsym";
				ENABLE_NS_ASSERTIONS = NO;
				ENABLE_STRICT_OBJC_MSGSEND = YES;
				GCC_C_LANGUAGE_STANDARD = gnu11;
				GCC_NO_COMMON_BLOCKS = YES;
				GCC_WARN_64_TO_32_BIT_CONVERSION = YES;
				GCC_WARN_ABOUT_RETURN_TYPE = YES_ERROR;
				GCC_WARN_UNDECLARED_SELECTOR = YES;
				GCC_WARN_UNINITIALIZED_AUTOS = YES_AGGRESSIVE;
				GCC_WARN_UNUSED_FUNCTION = YES;
				GCC_WARN_UNUSED_VARIABLE = YES;
				IPHONEOS_DEPLOYMENT_TARGET = 12.0;
				MTL_ENABLE_DEBUG_INFO = NO;
				MTL_FAST_MATH = YES;
				SDKROOT = iphoneos;
				SWIFT_COMPILATION_MODE = wholemodule;
				SWIFT_OPTIMIZATION_LEVEL = "-O";
				VALIDATE_PRODUCT = YES;
			};
			name = Release;
		};
		3ABE886B21ACEC4F00339088 /* Debug */ = {
			isa = XCBuildConfiguration;
			buildSettings = {
				ASSETCATALOG_COMPILER_APPICON_NAME = AppIcon;
				CODE_SIGN_STYLE = Automatic;
				INFOPLIST_FILE = budgetU/Info.plist;
				LD_RUNPATH_SEARCH_PATHS = (
					"$(inherited)",
					"@executable_path/Frameworks",
				);
				PRODUCT_BUNDLE_IDENTIFIER = vivi.budgetU;
				PRODUCT_NAME = "$(TARGET_NAME)";
				SWIFT_VERSION = 4.2;
				TARGETED_DEVICE_FAMILY = "1,2";
			};
			name = Debug;
		};
		3ABE886C21ACEC4F00339088 /* Release */ = {
			isa = XCBuildConfiguration;
			buildSettings = {
				ASSETCATALOG_COMPILER_APPICON_NAME = AppIcon;
				CODE_SIGN_STYLE = Automatic;
				INFOPLIST_FILE = budgetU/Info.plist;
				LD_RUNPATH_SEARCH_PATHS = (
					"$(inherited)",
					"@executable_path/Frameworks",
				);
				PRODUCT_BUNDLE_IDENTIFIER = vivi.budgetU;
				PRODUCT_NAME = "$(TARGET_NAME)";
				SWIFT_VERSION = 4.2;
				TARGETED_DEVICE_FAMILY = "1,2";
			};
			name = Release;
		};
		3ABE886E21ACEC4F00339088 /* Debug */ = {
			isa = XCBuildConfiguration;
			buildSettings = {
				ALWAYS_EMBED_SWIFT_STANDARD_LIBRARIES = YES;
				BUNDLE_LOADER = "$(TEST_HOST)";
				CODE_SIGN_STYLE = Automatic;
				INFOPLIST_FILE = budgetUTests/Info.plist;
				LD_RUNPATH_SEARCH_PATHS = (
					"$(inherited)",
					"@executable_path/Frameworks",
					"@loader_path/Frameworks",
				);
				PRODUCT_BUNDLE_IDENTIFIER = vivi.budgetUTests;
				PRODUCT_NAME = "$(TARGET_NAME)";
				SWIFT_VERSION = 4.2;
				TARGETED_DEVICE_FAMILY = "1,2";
				TEST_HOST = "$(BUILT_PRODUCTS_DIR)/budgetU.app/budgetU";
			};
			name = Debug;
		};
		3ABE886F21ACEC4F00339088 /* Release */ = {
			isa = XCBuildConfiguration;
			buildSettings = {
				ALWAYS_EMBED_SWIFT_STANDARD_LIBRARIES = YES;
				BUNDLE_LOADER = "$(TEST_HOST)";
				CODE_SIGN_STYLE = Automatic;
				INFOPLIST_FILE = budgetUTests/Info.plist;
				LD_RUNPATH_SEARCH_PATHS = (
					"$(inherited)",
					"@executable_path/Frameworks",
					"@loader_path/Frameworks",
				);
				PRODUCT_BUNDLE_IDENTIFIER = vivi.budgetUTests;
				PRODUCT_NAME = "$(TARGET_NAME)";
				SWIFT_VERSION = 4.2;
				TARGETED_DEVICE_FAMILY = "1,2";
				TEST_HOST = "$(BUILT_PRODUCTS_DIR)/budgetU.app/budgetU";
			};
			name = Release;
		};
		3ABE887121ACEC4F00339088 /* Debug */ = {
			isa = XCBuildConfiguration;
			buildSettings = {
				ALWAYS_EMBED_SWIFT_STANDARD_LIBRARIES = YES;
				CODE_SIGN_STYLE = Automatic;
				INFOPLIST_FILE = budgetUUITests/Info.plist;
				LD_RUNPATH_SEARCH_PATHS = (
					"$(inherited)",
					"@executable_path/Frameworks",
					"@loader_path/Frameworks",
				);
				PRODUCT_BUNDLE_IDENTIFIER = vivi.budgetUUITests;
				PRODUCT_NAME = "$(TARGET_NAME)";
				SWIFT_VERSION = 4.2;
				TARGETED_DEVICE_FAMILY = "1,2";
				TEST_TARGET_NAME = budgetU;
			};
			name = Debug;
		};
		3ABE887221ACEC4F00339088 /* Release */ = {
			isa = XCBuildConfiguration;
			buildSettings = {
				ALWAYS_EMBED_SWIFT_STANDARD_LIBRARIES = YES;
				CODE_SIGN_STYLE = Automatic;
				INFOPLIST_FILE = budgetUUITests/Info.plist;
				LD_RUNPATH_SEARCH_PATHS = (
					"$(inherited)",
					"@executable_path/Frameworks",
					"@loader_path/Frameworks",
				);
				PRODUCT_BUNDLE_IDENTIFIER = vivi.budgetUUITests;
				PRODUCT_NAME = "$(TARGET_NAME)";
				SWIFT_VERSION = 4.2;
				TARGETED_DEVICE_FAMILY = "1,2";
				TEST_TARGET_NAME = budgetU;
			};
			name = Release;
		};
/* End XCBuildConfiguration section */

/* Begin XCConfigurationList section */
		3ABE883D21ACEC4D00339088 /* Build configuration list for PBXProject "budgetU" */ = {
			isa = XCConfigurationList;
			buildConfigurations = (
				3ABE886821ACEC4F00339088 /* Debug */,
				3ABE886921ACEC4F00339088 /* Release */,
			);
			defaultConfigurationIsVisible = 0;
			defaultConfigurationName = Release;
		};
		3ABE886A21ACEC4F00339088 /* Build configuration list for PBXNativeTarget "budgetU" */ = {
			isa = XCConfigurationList;
			buildConfigurations = (
				3ABE886B21ACEC4F00339088 /* Debug */,
				3ABE886C21ACEC4F00339088 /* Release */,
			);
			defaultConfigurationIsVisible = 0;
			defaultConfigurationName = Release;
		};
		3ABE886D21ACEC4F00339088 /* Build configuration list for PBXNativeTarget "budgetUTests" */ = {
			isa = XCConfigurationList;
			buildConfigurations = (
				3ABE886E21ACEC4F00339088 /* Debug */,
				3ABE886F21ACEC4F00339088 /* Release */,
			);
			defaultConfigurationIsVisible = 0;
			defaultConfigurationName = Release;
		};
		3ABE887021ACEC4F00339088 /* Build configuration list for PBXNativeTarget "budgetUUITests" */ = {
			isa = XCConfigurationList;
			buildConfigurations = (
				3ABE887121ACEC4F00339088 /* Debug */,
				3ABE887221ACEC4F00339088 /* Release */,
			);
			defaultConfigurationIsVisible = 0;
			defaultConfigurationName = Release;
		};
/* End XCConfigurationList section */
	};
	rootObject = 3ABE883A21ACEC4D00339088 /* Project object */;
}
